// !$*UTF8*$!
{
	archiveVersion = 1;
	classes = {
	};
	objectVersion = 56;
	objects = {

/* Begin PBXBuildFile section */
		0CD157472C7EC7490089ED00 /* MyAudioPlayerApp.swift in Sources */ = {isa = PBXBuildFile; fileRef = 0CD157462C7EC7490089ED00 /* MyAudioPlayerApp.swift */; };
		0CD157492C7EC7490089ED00 /* ContentView.swift in Sources */ = {isa = PBXBuildFile; fileRef = 0CD157482C7EC7490089ED00 /* ContentView.swift */; };
		0CD1574B2C7EC74B0089ED00 /* Assets.xcassets in Resources */ = {isa = PBXBuildFile; fileRef = 0CD1574A2C7EC74B0089ED00 /* Assets.xcassets */; };
		0CD1574F2C7EC74B0089ED00 /* Preview Assets.xcassets in Resources */ = {isa = PBXBuildFile; fileRef = 0CD1574E2C7EC74B0089ED00 /* Preview Assets.xcassets */; };
		0CD157572C7ECAD20089ED00 /* FFmpeg-iOS in Frameworks */ = {isa = PBXBuildFile; productRef = 0CD157562C7ECAD20089ED00 /* FFmpeg-iOS */; };
		0CD157A62C7F20F20089ED00 /* SAAlbumArtExtractor.m in Sources */ = {isa = PBXBuildFile; fileRef = 0CD157612C7F20300089ED00 /* SAAlbumArtExtractor.m */; };
		0CD157A72C7F20F20089ED00 /* SAMetadataCollector.m in Sources */ = {isa = PBXBuildFile; fileRef = 0CD157632C7F20300089ED00 /* SAMetadataCollector.m */; };
		0CD157A82C7F20F20089ED00 /* SAAudioDecoder.m in Sources */ = {isa = PBXBuildFile; fileRef = 0CD157702C7F20A10089ED00 /* SAAudioDecoder.m */; };
		0CD157A92C7F20F20089ED00 /* SAAudioMetadata.m in Sources */ = {isa = PBXBuildFile; fileRef = 0CD157792C7F20AE0089ED00 /* SAAudioMetadata.m */; };
		0CD157AA2C7F20F20089ED00 /* SAPacketQueue.m in Sources */ = {isa = PBXBuildFile; fileRef = 0CD1577B2C7F20AE0089ED00 /* SAPacketQueue.m */; };
		0CD157AB2C7F20F20089ED00 /* SAAudioPlayer.m in Sources */ = {isa = PBXBuildFile; fileRef = 0CD157882C7F20D70089ED00 /* SAAudioPlayer.m */; };
		0CD157AC2C7F20F20089ED00 /* SAAudioEqualizer.m in Sources */ = {isa = PBXBuildFile; fileRef = 0CD1578C2C7F20E30089ED00 /* SAAudioEqualizer.m */; };
		0CD157AD2C7F20F20089ED00 /* SAAudioEqualizer.m in Sources */ = {isa = PBXBuildFile; fileRef = 0CD1576C2C7F207B0089ED00 /* SAAudioEqualizer.m */; };
		0CD157AE2C7F20F20089ED00 /* SAAudioPlayer.m in Sources */ = {isa = PBXBuildFile; fileRef = 0CD157852C7F20D70089ED00 /* SAAudioPlayer.m */; };
		0CD157AF2C7F20F20089ED00 /* SAAlbumArtExtractor.m in Sources */ = {isa = PBXBuildFile; fileRef = 0CD1578F2C7F20E30089ED00 /* SAAlbumArtExtractor.m */; };
		0CD157B02C7F20F20089ED00 /* SAMetadataCollector.m in Sources */ = {isa = PBXBuildFile; fileRef = 0CD157912C7F20E30089ED00 /* SAMetadataCollector.m */; };
		0CD157B12C7F20F20089ED00 /* SAAudioDecoder.m in Sources */ = {isa = PBXBuildFile; fileRef = 0CD157962C7F20E50089ED00 /* SAAudioDecoder.m */; };
		0CD157B22C7F20F20089ED00 /* SAAudioMetadata.m in Sources */ = {isa = PBXBuildFile; fileRef = 0CD1579D2C7F20F20089ED00 /* SAAudioMetadata.m */; };
		0CD157B32C7F20F20089ED00 /* SAPacketQueue.m in Sources */ = {isa = PBXBuildFile; fileRef = 0CD1579F2C7F20F20089ED00 /* SAPacketQueue.m */; };
		0CD157B82C7F20FE0089ED00 /* SAAlbumArtExtractor.m in Sources */ = {isa = PBXBuildFile; fileRef = 0CD157742C7F20A10089ED00 /* SAAlbumArtExtractor.m */; };
		0CD157B92C7F20FE0089ED00 /* SAMetadataCollector.m in Sources */ = {isa = PBXBuildFile; fileRef = 0CD157762C7F20A10089ED00 /* SAMetadataCollector.m */; };
		0CD157BA2C7F20FE0089ED00 /* SAAudioEqualizer.m in Sources */ = {isa = PBXBuildFile; fileRef = 0CD1577F2C7F20BB0089ED00 /* SAAudioEqualizer.m */; };
		0CD157BB2C7F20FE0089ED00 /* SAAudioPlayer.m in Sources */ = {isa = PBXBuildFile; fileRef = 0CD157822C7F20D70089ED00 /* SAAudioPlayer.m */; };
		0CD157BC2C7F20FE0089ED00 /* SAAudioEqualizer.m in Sources */ = {isa = PBXBuildFile; fileRef = 0CD157992C7F20E50089ED00 /* SAAudioEqualizer.m */; };
		0CD157BD2C7F20FE0089ED00 /* SAAudioMetadata.m in Sources */ = {isa = PBXBuildFile; fileRef = 0CD157A22C7F20F20089ED00 /* SAAudioMetadata.m */; };
		0CD157BE2C7F20FE0089ED00 /* SAPacketQueue.m in Sources */ = {isa = PBXBuildFile; fileRef = 0CD157A42C7F20F20089ED00 /* SAPacketQueue.m */; };
		0CD157BF2C7F20FE0089ED00 /* SAAudioDecoder.m in Sources */ = {isa = PBXBuildFile; fileRef = 0CD157B52C7F20F20089ED00 /* SAAudioDecoder.m */; };
/* End PBXBuildFile section */

/* Begin PBXFileReference section */
		0CD157432C7EC7490089ED00 /* MyAudioPlayer.app */ = {isa = PBXFileReference; explicitFileType = wrapper.application; includeInIndex = 0; path = MyAudioPlayer.app; sourceTree = BUILT_PRODUCTS_DIR; };
		0CD157462C7EC7490089ED00 /* MyAudioPlayerApp.swift */ = {isa = PBXFileReference; lastKnownFileType = sourcecode.swift; path = MyAudioPlayerApp.swift; sourceTree = "<group>"; };
		0CD157482C7EC7490089ED00 /* ContentView.swift */ = {isa = PBXFileReference; lastKnownFileType = sourcecode.swift; path = ContentView.swift; sourceTree = "<group>"; };
		0CD1574A2C7EC74B0089ED00 /* Assets.xcassets */ = {isa = PBXFileReference; lastKnownFileType = folder.assetcatalog; path = Assets.xcassets; sourceTree = "<group>"; };
		0CD1574C2C7EC74B0089ED00 /* MyAudioPlayer.entitlements */ = {isa = PBXFileReference; lastKnownFileType = text.plist.entitlements; path = MyAudioPlayer.entitlements; sourceTree = "<group>"; };
		0CD1574E2C7EC74B0089ED00 /* Preview Assets.xcassets */ = {isa = PBXFileReference; lastKnownFileType = folder.assetcatalog; path = "Preview Assets.xcassets"; sourceTree = "<group>"; };
		0CD1575A2C7F1EAA0089ED00 /* MyAudioPlayer-Bridging-Header.h */ = {isa = PBXFileReference; lastKnownFileType = sourcecode.c.h; path = "MyAudioPlayer-Bridging-Header.h"; sourceTree = "<group>"; };
		0CD157602C7F20300089ED00 /* SAAlbumArtExtractor.h */ = {isa = PBXFileReference; fileEncoding = 4; lastKnownFileType = sourcecode.c.h; path = SAAlbumArtExtractor.h; sourceTree = "<group>"; };
		0CD157612C7F20300089ED00 /* SAAlbumArtExtractor.m */ = {isa = PBXFileReference; fileEncoding = 4; lastKnownFileType = sourcecode.c.objc; path = SAAlbumArtExtractor.m; sourceTree = "<group>"; };
		0CD157622C7F20300089ED00 /* SAMetadataCollector.h */ = {isa = PBXFileReference; fileEncoding = 4; lastKnownFileType = sourcecode.c.h; path = SAMetadataCollector.h; sourceTree = "<group>"; };
		0CD157632C7F20300089ED00 /* SAMetadataCollector.m */ = {isa = PBXFileReference; fileEncoding = 4; lastKnownFileType = sourcecode.c.objc; path = SAMetadataCollector.m; sourceTree = "<group>"; };
		0CD157682C7F20630089ED00 /* SAAudioSystemError.h */ = {isa = PBXFileReference; fileEncoding = 4; lastKnownFileType = sourcecode.c.h; path = SAAudioSystemError.h; sourceTree = "<group>"; };
		0CD1576B2C7F207B0089ED00 /* SAAudioEqualizer.h */ = {isa = PBXFileReference; fileEncoding = 4; lastKnownFileType = sourcecode.c.h; path = SAAudioEqualizer.h; sourceTree = "<group>"; };
		0CD1576C2C7F207B0089ED00 /* SAAudioEqualizer.m */ = {isa = PBXFileReference; fileEncoding = 4; lastKnownFileType = sourcecode.c.objc; path = SAAudioEqualizer.m; sourceTree = "<group>"; };
		0CD1576F2C7F20A10089ED00 /* SAAudioDecoder.h */ = {isa = PBXFileReference; fileEncoding = 4; lastKnownFileType = sourcecode.c.h; path = SAAudioDecoder.h; sourceTree = "<group>"; };
		0CD157702C7F20A10089ED00 /* SAAudioDecoder.m */ = {isa = PBXFileReference; fileEncoding = 4; lastKnownFileType = sourcecode.c.objc; path = SAAudioDecoder.m; sourceTree = "<group>"; };
		0CD157722C7F20A10089ED00 /* SAAudioSystem.h */ = {isa = PBXFileReference; fileEncoding = 4; lastKnownFileType = sourcecode.c.h; name = SAAudioSystem.h; path = ../../SAAudioSystem/SAAudioSystem/SAAudioSystem/SAAudioSystem.h; sourceTree = "<group>"; };
		0CD157732C7F20A10089ED00 /* SAAlbumArtExtractor.h */ = {isa = PBXFileReference; fileEncoding = 4; lastKnownFileType = sourcecode.c.h; path = SAAlbumArtExtractor.h; sourceTree = "<group>"; };
		0CD157742C7F20A10089ED00 /* SAAlbumArtExtractor.m */ = {isa = PBXFileReference; fileEncoding = 4; lastKnownFileType = sourcecode.c.objc; path = SAAlbumArtExtractor.m; sourceTree = "<group>"; };
		0CD157752C7F20A10089ED00 /* SAMetadataCollector.h */ = {isa = PBXFileReference; fileEncoding = 4; lastKnownFileType = sourcecode.c.h; path = SAMetadataCollector.h; sourceTree = "<group>"; };
		0CD157762C7F20A10089ED00 /* SAMetadataCollector.m */ = {isa = PBXFileReference; fileEncoding = 4; lastKnownFileType = sourcecode.c.objc; path = SAMetadataCollector.m; sourceTree = "<group>"; };
		0CD157782C7F20AE0089ED00 /* SAAudioMetadata.h */ = {isa = PBXFileReference; fileEncoding = 4; lastKnownFileType = sourcecode.c.h; path = SAAudioMetadata.h; sourceTree = "<group>"; };
		0CD157792C7F20AE0089ED00 /* SAAudioMetadata.m */ = {isa = PBXFileReference; fileEncoding = 4; lastKnownFileType = sourcecode.c.objc; path = SAAudioMetadata.m; sourceTree = "<group>"; };
		0CD1577A2C7F20AE0089ED00 /* SAPacketQueue.h */ = {isa = PBXFileReference; fileEncoding = 4; lastKnownFileType = sourcecode.c.h; path = SAPacketQueue.h; sourceTree = "<group>"; };
		0CD1577B2C7F20AE0089ED00 /* SAPacketQueue.m */ = {isa = PBXFileReference; fileEncoding = 4; lastKnownFileType = sourcecode.c.objc; path = SAPacketQueue.m; sourceTree = "<group>"; };
		0CD1577D2C7F20AE0089ED00 /* SAAudioSystemError.h */ = {isa = PBXFileReference; fileEncoding = 4; lastKnownFileType = sourcecode.c.h; path = SAAudioSystemError.h; sourceTree = "<group>"; };
		0CD1577F2C7F20BB0089ED00 /* SAAudioEqualizer.m */ = {isa = PBXFileReference; fileEncoding = 4; lastKnownFileType = sourcecode.c.objc; path = SAAudioEqualizer.m; sourceTree = "<group>"; };
		0CD157812C7F20D70089ED00 /* SAAudioPlayer.h */ = {isa = PBXFileReference; fileEncoding = 4; lastKnownFileType = sourcecode.c.h; path = SAAudioPlayer.h; sourceTree = "<group>"; };
		0CD157822C7F20D70089ED00 /* SAAudioPlayer.m */ = {isa = PBXFileReference; fileEncoding = 4; lastKnownFileType = sourcecode.c.objc; path = SAAudioPlayer.m; sourceTree = "<group>"; };
		0CD157842C7F20D70089ED00 /* SAAudioPlayer.h */ = {isa = PBXFileReference; fileEncoding = 4; lastKnownFileType = sourcecode.c.h; path = SAAudioPlayer.h; sourceTree = "<group>"; };
		0CD157852C7F20D70089ED00 /* SAAudioPlayer.m */ = {isa = PBXFileReference; fileEncoding = 4; lastKnownFileType = sourcecode.c.objc; path = SAAudioPlayer.m; sourceTree = "<group>"; };
		0CD157872C7F20D70089ED00 /* SAAudioPlayer.h */ = {isa = PBXFileReference; fileEncoding = 4; lastKnownFileType = sourcecode.c.h; path = SAAudioPlayer.h; sourceTree = "<group>"; };
		0CD157882C7F20D70089ED00 /* SAAudioPlayer.m */ = {isa = PBXFileReference; fileEncoding = 4; lastKnownFileType = sourcecode.c.objc; path = SAAudioPlayer.m; sourceTree = "<group>"; };
		0CD1578A2C7F20E30089ED00 /* SAAudioSystem.h */ = {isa = PBXFileReference; fileEncoding = 4; lastKnownFileType = sourcecode.c.h; path = SAAudioSystem.h; sourceTree = "<group>"; };
		0CD1578B2C7F20E30089ED00 /* SAAudioEqualizer.h */ = {isa = PBXFileReference; fileEncoding = 4; lastKnownFileType = sourcecode.c.h; path = SAAudioEqualizer.h; sourceTree = "<group>"; };
		0CD1578C2C7F20E30089ED00 /* SAAudioEqualizer.m */ = {isa = PBXFileReference; fileEncoding = 4; lastKnownFileType = sourcecode.c.objc; path = SAAudioEqualizer.m; sourceTree = "<group>"; };
		0CD1578E2C7F20E30089ED00 /* SAAlbumArtExtractor.h */ = {isa = PBXFileReference; fileEncoding = 4; lastKnownFileType = sourcecode.c.h; path = SAAlbumArtExtractor.h; sourceTree = "<group>"; };
		0CD1578F2C7F20E30089ED00 /* SAAlbumArtExtractor.m */ = {isa = PBXFileReference; fileEncoding = 4; lastKnownFileType = sourcecode.c.objc; path = SAAlbumArtExtractor.m; sourceTree = "<group>"; };
		0CD157902C7F20E30089ED00 /* SAMetadataCollector.h */ = {isa = PBXFileReference; fileEncoding = 4; lastKnownFileType = sourcecode.c.h; path = SAMetadataCollector.h; sourceTree = "<group>"; };
		0CD157912C7F20E30089ED00 /* SAMetadataCollector.m */ = {isa = PBXFileReference; fileEncoding = 4; lastKnownFileType = sourcecode.c.objc; path = SAMetadataCollector.m; sourceTree = "<group>"; };
		0CD157932C7F20E50089ED00 /* SAAudioSystemError.h */ = {isa = PBXFileReference; fileEncoding = 4; lastKnownFileType = sourcecode.c.h; path = SAAudioSystemError.h; sourceTree = "<group>"; };
		0CD157952C7F20E50089ED00 /* SAAudioDecoder.h */ = {isa = PBXFileReference; fileEncoding = 4; lastKnownFileType = sourcecode.c.h; path = SAAudioDecoder.h; sourceTree = "<group>"; };
		0CD157962C7F20E50089ED00 /* SAAudioDecoder.m */ = {isa = PBXFileReference; fileEncoding = 4; lastKnownFileType = sourcecode.c.objc; path = SAAudioDecoder.m; sourceTree = "<group>"; };
		0CD157982C7F20E50089ED00 /* SAAudioEqualizer.h */ = {isa = PBXFileReference; fileEncoding = 4; lastKnownFileType = sourcecode.c.h; path = SAAudioEqualizer.h; sourceTree = "<group>"; };
		0CD157992C7F20E50089ED00 /* SAAudioEqualizer.m */ = {isa = PBXFileReference; fileEncoding = 4; lastKnownFileType = sourcecode.c.objc; path = SAAudioEqualizer.m; sourceTree = "<group>"; };
		0CD1579B2C7F20F20089ED00 /* SAAudioDecoder.h */ = {isa = PBXFileReference; fileEncoding = 4; lastKnownFileType = sourcecode.c.h; path = SAAudioDecoder.h; sourceTree = "<group>"; };
		0CD1579C2C7F20F20089ED00 /* SAAudioMetadata.h */ = {isa = PBXFileReference; fileEncoding = 4; lastKnownFileType = sourcecode.c.h; path = SAAudioMetadata.h; sourceTree = "<group>"; };
		0CD1579D2C7F20F20089ED00 /* SAAudioMetadata.m */ = {isa = PBXFileReference; fileEncoding = 4; lastKnownFileType = sourcecode.c.objc; path = SAAudioMetadata.m; sourceTree = "<group>"; };
		0CD1579E2C7F20F20089ED00 /* SAPacketQueue.h */ = {isa = PBXFileReference; fileEncoding = 4; lastKnownFileType = sourcecode.c.h; path = SAPacketQueue.h; sourceTree = "<group>"; };
		0CD1579F2C7F20F20089ED00 /* SAPacketQueue.m */ = {isa = PBXFileReference; fileEncoding = 4; lastKnownFileType = sourcecode.c.objc; path = SAPacketQueue.m; sourceTree = "<group>"; };
		0CD157A12C7F20F20089ED00 /* SAAudioMetadata.h */ = {isa = PBXFileReference; fileEncoding = 4; lastKnownFileType = sourcecode.c.h; path = SAAudioMetadata.h; sourceTree = "<group>"; };
		0CD157A22C7F20F20089ED00 /* SAAudioMetadata.m */ = {isa = PBXFileReference; fileEncoding = 4; lastKnownFileType = sourcecode.c.objc; path = SAAudioMetadata.m; sourceTree = "<group>"; };
		0CD157A32C7F20F20089ED00 /* SAPacketQueue.h */ = {isa = PBXFileReference; fileEncoding = 4; lastKnownFileType = sourcecode.c.h; path = SAPacketQueue.h; sourceTree = "<group>"; };
		0CD157A42C7F20F20089ED00 /* SAPacketQueue.m */ = {isa = PBXFileReference; fileEncoding = 4; lastKnownFileType = sourcecode.c.objc; path = SAPacketQueue.m; sourceTree = "<group>"; };
		0CD157B42C7F20F20089ED00 /* SAAudioDecoder.h */ = {isa = PBXFileReference; fileEncoding = 4; lastKnownFileType = sourcecode.c.h; path = SAAudioDecoder.h; sourceTree = "<group>"; };
		0CD157B52C7F20F20089ED00 /* SAAudioDecoder.m */ = {isa = PBXFileReference; fileEncoding = 4; lastKnownFileType = sourcecode.c.objc; path = SAAudioDecoder.m; sourceTree = "<group>"; };
		0CD157B72C7F20FE0089ED00 /* SAAudioEqualizer.h */ = {isa = PBXFileReference; fileEncoding = 4; lastKnownFileType = sourcecode.c.h; path = SAAudioEqualizer.h; sourceTree = "<group>"; };
/* End PBXFileReference section */

/* Begin PBXFrameworksBuildPhase section */
		0CD157402C7EC7490089ED00 /* Frameworks */ = {
			isa = PBXFrameworksBuildPhase;
			buildActionMask = 2147483647;
			files = (
				0CD157572C7ECAD20089ED00 /* FFmpeg-iOS in Frameworks */,
			);
			runOnlyForDeploymentPostprocessing = 0;
		};
/* End PBXFrameworksBuildPhase section */

/* Begin PBXGroup section */
		0CD1573A2C7EC7490089ED00 = {
			isa = PBXGroup;
			children = (
				0CD157452C7EC7490089ED00 /* MyAudioPlayer */,
				0CD157442C7EC7490089ED00 /* Products */,
			);
			sourceTree = "<group>";
		};
		0CD157442C7EC7490089ED00 /* Products */ = {
			isa = PBXGroup;
			children = (
				0CD157432C7EC7490089ED00 /* MyAudioPlayer.app */,
			);
			name = Products;
			sourceTree = "<group>";
		};
		0CD157452C7EC7490089ED00 /* MyAudioPlayer */ = {
			isa = PBXGroup;
			children = (
				0CD157712C7F20A10089ED00 /* Decoder */,
				0CD157972C7F20E50089ED00 /* Decoder */,
				0CD157B62C7F20F20089ED00 /* Decoder */,
				0CD1578D2C7F20E30089ED00 /* Equalizer */,
				0CD1579A2C7F20E50089ED00 /* Equalizer */,
				0CD157942C7F20E50089ED00 /* Error */,
				0CD1577C2C7F20AE0089ED00 /* Models */,
				0CD1577E2C7F20AE0089ED00 /* Error */,
				0CD157A02C7F20F20089ED00 /* Models */,
				0CD157A52C7F20F20089ED00 /* Models */,
				0CD157832C7F20D70089ED00 /* Player */,
				0CD157892C7F20D70089ED00 /* Player */,
				0CD1579B2C7F20F20089ED00 /* SAAudioDecoder.h */,
				0CD157B72C7F20FE0089ED00 /* SAAudioEqualizer.h */,
				0CD1577F2C7F20BB0089ED00 /* SAAudioEqualizer.m */,
				0CD1578A2C7F20E30089ED00 /* SAAudioSystem.h */,
				0CD157642C7F20300089ED00 /* Utils */,
				0CD157692C7F20630089ED00 /* Error */,
				0CD1576D2C7F207B0089ED00 /* Equalizer */,
				0CD157862C7F20D70089ED00 /* Player */,
				0CD157722C7F20A10089ED00 /* SAAudioSystem.h */,
				0CD157772C7F20A10089ED00 /* Utils */,
				0CD157922C7F20E30089ED00 /* Utils */,
				0CD157462C7EC7490089ED00 /* MyAudioPlayerApp.swift */,
				0CD157482C7EC7490089ED00 /* ContentView.swift */,
				0CD1574A2C7EC74B0089ED00 /* Assets.xcassets */,
				0CD1574C2C7EC74B0089ED00 /* MyAudioPlayer.entitlements */,
				0CD1574D2C7EC74B0089ED00 /* Preview Content */,
				0CD1575A2C7F1EAA0089ED00 /* MyAudioPlayer-Bridging-Header.h */,
			);
			path = MyAudioPlayer;
			sourceTree = "<group>";
		};
		0CD1574D2C7EC74B0089ED00 /* Preview Content */ = {
			isa = PBXGroup;
			children = (
				0CD1574E2C7EC74B0089ED00 /* Preview Assets.xcassets */,
			);
			path = "Preview Content";
			sourceTree = "<group>";
		};
		0CD157642C7F20300089ED00 /* Utils */ = {
			isa = PBXGroup;
			children = (
				0CD157602C7F20300089ED00 /* SAAlbumArtExtractor.h */,
				0CD157612C7F20300089ED00 /* SAAlbumArtExtractor.m */,
				0CD157622C7F20300089ED00 /* SAMetadataCollector.h */,
				0CD157632C7F20300089ED00 /* SAMetadataCollector.m */,
			);
			path = Utils;
			sourceTree = "<group>";
		};
		0CD157692C7F20630089ED00 /* Error */ = {
			isa = PBXGroup;
			children = (
				0CD157682C7F20630089ED00 /* SAAudioSystemError.h */,
			);
			path = Error;
			sourceTree = "<group>";
		};
		0CD1576D2C7F207B0089ED00 /* Equalizer */ = {
			isa = PBXGroup;
			children = (
				0CD1576B2C7F207B0089ED00 /* SAAudioEqualizer.h */,
				0CD1576C2C7F207B0089ED00 /* SAAudioEqualizer.m */,
			);
			path = Equalizer;
			sourceTree = "<group>";
		};
		0CD157712C7F20A10089ED00 /* Decoder */ = {
			isa = PBXGroup;
			children = (
				0CD1576F2C7F20A10089ED00 /* SAAudioDecoder.h */,
				0CD157702C7F20A10089ED00 /* SAAudioDecoder.m */,
			);
			path = Decoder;
			sourceTree = "<group>";
		};
		0CD157772C7F20A10089ED00 /* Utils */ = {
			isa = PBXGroup;
			children = (
				0CD157732C7F20A10089ED00 /* SAAlbumArtExtractor.h */,
				0CD157742C7F20A10089ED00 /* SAAlbumArtExtractor.m */,
				0CD157752C7F20A10089ED00 /* SAMetadataCollector.h */,
				0CD157762C7F20A10089ED00 /* SAMetadataCollector.m */,
			);
			name = Utils;
			path = ../../SAAudioSystem/SAAudioSystem/SAAudioSystem/Utils;
			sourceTree = "<group>";
		};
		0CD1577C2C7F20AE0089ED00 /* Models */ = {
			isa = PBXGroup;
			children = (
				0CD157782C7F20AE0089ED00 /* SAAudioMetadata.h */,
				0CD157792C7F20AE0089ED00 /* SAAudioMetadata.m */,
				0CD1577A2C7F20AE0089ED00 /* SAPacketQueue.h */,
				0CD1577B2C7F20AE0089ED00 /* SAPacketQueue.m */,
			);
			path = Models;
			sourceTree = "<group>";
		};
		0CD1577E2C7F20AE0089ED00 /* Error */ = {
			isa = PBXGroup;
			children = (
				0CD1577D2C7F20AE0089ED00 /* SAAudioSystemError.h */,
			);
			name = Error;
			path = ../../SAAudioSystem/SAAudioSystem/SAAudioSystem/Error;
			sourceTree = "<group>";
		};
		0CD157832C7F20D70089ED00 /* Player */ = {
			isa = PBXGroup;
			children = (
				0CD157812C7F20D70089ED00 /* SAAudioPlayer.h */,
				0CD157822C7F20D70089ED00 /* SAAudioPlayer.m */,
			);
			name = Player;
			path = ../../SAAudioSystem/SAAudioSystem/SAAudioSystem/Player;
			sourceTree = "<group>";
		};
		0CD157862C7F20D70089ED00 /* Player */ = {
			isa = PBXGroup;
			children = (
				0CD157842C7F20D70089ED00 /* SAAudioPlayer.h */,
				0CD157852C7F20D70089ED00 /* SAAudioPlayer.m */,
			);
			path = Player;
			sourceTree = "<group>";
		};
		0CD157892C7F20D70089ED00 /* Player */ = {
			isa = PBXGroup;
			children = (
				0CD157872C7F20D70089ED00 /* SAAudioPlayer.h */,
				0CD157882C7F20D70089ED00 /* SAAudioPlayer.m */,
			);
			name = Player;
			path = ../../SAAudioSystem/SAAudioSystem/SAAudioSystem/Player;
			sourceTree = "<group>";
		};
		0CD1578D2C7F20E30089ED00 /* Equalizer */ = {
			isa = PBXGroup;
			children = (
				0CD1578B2C7F20E30089ED00 /* SAAudioEqualizer.h */,
				0CD1578C2C7F20E30089ED00 /* SAAudioEqualizer.m */,
			);
			name = Equalizer;
			path = ../../SAAudioSystem/SAAudioSystem/SAAudioSystem/Equalizer;
			sourceTree = "<group>";
		};
		0CD157922C7F20E30089ED00 /* Utils */ = {
			isa = PBXGroup;
			children = (
				0CD1578E2C7F20E30089ED00 /* SAAlbumArtExtractor.h */,
				0CD1578F2C7F20E30089ED00 /* SAAlbumArtExtractor.m */,
				0CD157902C7F20E30089ED00 /* SAMetadataCollector.h */,
				0CD157912C7F20E30089ED00 /* SAMetadataCollector.m */,
			);
			name = Utils;
			path = ../../SAAudioSystem/SAAudioSystem/SAAudioSystem/Utils;
			sourceTree = "<group>";
		};
		0CD157942C7F20E50089ED00 /* Error */ = {
			isa = PBXGroup;
			children = (
				0CD157932C7F20E50089ED00 /* SAAudioSystemError.h */,
			);
			name = Error;
			path = ../../SAAudioSystem/SAAudioSystem/SAAudioSystem/Error;
			sourceTree = "<group>";
		};
		0CD157972C7F20E50089ED00 /* Decoder */ = {
			isa = PBXGroup;
			children = (
				0CD157952C7F20E50089ED00 /* SAAudioDecoder.h */,
				0CD157962C7F20E50089ED00 /* SAAudioDecoder.m */,
			);
			name = Decoder;
			path = ../../SAAudioSystem/SAAudioSystem/SAAudioSystem/Decoder;
			sourceTree = "<group>";
		};
		0CD1579A2C7F20E50089ED00 /* Equalizer */ = {
			isa = PBXGroup;
			children = (
				0CD157982C7F20E50089ED00 /* SAAudioEqualizer.h */,
				0CD157992C7F20E50089ED00 /* SAAudioEqualizer.m */,
			);
			name = Equalizer;
			path = ../../SAAudioSystem/SAAudioSystem/SAAudioSystem/Equalizer;
			sourceTree = "<group>";
		};
		0CD157A02C7F20F20089ED00 /* Models */ = {
			isa = PBXGroup;
			children = (
				0CD1579C2C7F20F20089ED00 /* SAAudioMetadata.h */,
				0CD1579D2C7F20F20089ED00 /* SAAudioMetadata.m */,
				0CD1579E2C7F20F20089ED00 /* SAPacketQueue.h */,
				0CD1579F2C7F20F20089ED00 /* SAPacketQueue.m */,
			);
			name = Models;
			path = ../../SAAudioSystem/SAAudioSystem/SAAudioSystem/Models;
			sourceTree = "<group>";
		};
		0CD157A52C7F20F20089ED00 /* Models */ = {
			isa = PBXGroup;
			children = (
				0CD157A12C7F20F20089ED00 /* SAAudioMetadata.h */,
				0CD157A22C7F20F20089ED00 /* SAAudioMetadata.m */,
				0CD157A32C7F20F20089ED00 /* SAPacketQueue.h */,
				0CD157A42C7F20F20089ED00 /* SAPacketQueue.m */,
			);
			name = Models;
			path = ../../SAAudioSystem/SAAudioSystem/SAAudioSystem/Models;
			sourceTree = "<group>";
		};
		0CD157B62C7F20F20089ED00 /* Decoder */ = {
			isa = PBXGroup;
			children = (
				0CD157B42C7F20F20089ED00 /* SAAudioDecoder.h */,
				0CD157B52C7F20F20089ED00 /* SAAudioDecoder.m */,
			);
			name = Decoder;
			path = ../../SAAudioSystem/SAAudioSystem/SAAudioSystem/Decoder;
			sourceTree = "<group>";
		};
/* End PBXGroup section */

/* Begin PBXNativeTarget section */
		0CD157422C7EC7490089ED00 /* MyAudioPlayer */ = {
			isa = PBXNativeTarget;
			buildConfigurationList = 0CD157522C7EC74B0089ED00 /* Build configuration list for PBXNativeTarget "MyAudioPlayer" */;
			buildPhases = (
				0CD1573F2C7EC7490089ED00 /* Sources */,
				0CD157402C7EC7490089ED00 /* Frameworks */,
				0CD157412C7EC7490089ED00 /* Resources */,
			);
			buildRules = (
			);
			dependencies = (
			);
			name = MyAudioPlayer;
			packageProductDependencies = (
				0CD157562C7ECAD20089ED00 /* FFmpeg-iOS */,
			);
			productName = MyAudioPlayer;
			productReference = 0CD157432C7EC7490089ED00 /* MyAudioPlayer.app */;
			productType = "com.apple.product-type.application";
		};
/* End PBXNativeTarget section */

/* Begin PBXProject section */
		0CD1573B2C7EC7490089ED00 /* Project object */ = {
			isa = PBXProject;
			attributes = {
				BuildIndependentTargetsInParallel = 1;
				LastSwiftUpdateCheck = 1540;
				LastUpgradeCheck = 1540;
				TargetAttributes = {
					0CD157422C7EC7490089ED00 = {
						CreatedOnToolsVersion = 15.4;
						LastSwiftMigration = 1540;
					};
				};
			};
			buildConfigurationList = 0CD1573E2C7EC7490089ED00 /* Build configuration list for PBXProject "MyAudioPlayer" */;
			compatibilityVersion = "Xcode 14.0";
			developmentRegion = en;
			hasScannedForEncodings = 0;
			knownRegions = (
				en,
				Base,
			);
			mainGroup = 0CD1573A2C7EC7490089ED00;
			packageReferences = (
				0CD157552C7ECAD20089ED00 /* XCRemoteSwiftPackageReference "FFmpeg-iOS" */,
			);
			productRefGroup = 0CD157442C7EC7490089ED00 /* Products */;
			projectDirPath = "";
			projectRoot = "";
			targets = (
				0CD157422C7EC7490089ED00 /* MyAudioPlayer */,
			);
		};
/* End PBXProject section */

/* Begin PBXResourcesBuildPhase section */
		0CD157412C7EC7490089ED00 /* Resources */ = {
			isa = PBXResourcesBuildPhase;
			buildActionMask = 2147483647;
			files = (
				0CD1574F2C7EC74B0089ED00 /* Preview Assets.xcassets in Resources */,
				0CD1574B2C7EC74B0089ED00 /* Assets.xcassets in Resources */,
			);
			runOnlyForDeploymentPostprocessing = 0;
		};
/* End PBXResourcesBuildPhase section */

/* Begin PBXSourcesBuildPhase section */
		0CD1573F2C7EC7490089ED00 /* Sources */ = {
			isa = PBXSourcesBuildPhase;
			buildActionMask = 2147483647;
			files = (
				0CD157BC2C7F20FE0089ED00 /* SAAudioEqualizer.m in Sources */,
				0CD157BA2C7F20FE0089ED00 /* SAAudioEqualizer.m in Sources */,
				0CD157AC2C7F20F20089ED00 /* SAAudioEqualizer.m in Sources */,
				0CD157AD2C7F20F20089ED00 /* SAAudioEqualizer.m in Sources */,
				0CD157A72C7F20F20089ED00 /* SAMetadataCollector.m in Sources */,
				0CD157B22C7F20F20089ED00 /* SAAudioMetadata.m in Sources */,
				0CD157BE2C7F20FE0089ED00 /* SAPacketQueue.m in Sources */,
				0CD157B82C7F20FE0089ED00 /* SAAlbumArtExtractor.m in Sources */,
				0CD157B02C7F20F20089ED00 /* SAMetadataCollector.m in Sources */,
				0CD157A82C7F20F20089ED00 /* SAAudioDecoder.m in Sources */,
				0CD157AF2C7F20F20089ED00 /* SAAlbumArtExtractor.m in Sources */,
				0CD157AA2C7F20F20089ED00 /* SAPacketQueue.m in Sources */,
				0CD157492C7EC7490089ED00 /* ContentView.swift in Sources */,
				0CD157A92C7F20F20089ED00 /* SAAudioMetadata.m in Sources */,
				0CD157AB2C7F20F20089ED00 /* SAAudioPlayer.m in Sources */,
				0CD157BF2C7F20FE0089ED00 /* SAAudioDecoder.m in Sources */,
				0CD157B92C7F20FE0089ED00 /* SAMetadataCollector.m in Sources */,
				0CD157B32C7F20F20089ED00 /* SAPacketQueue.m in Sources */,
				0CD157AE2C7F20F20089ED00 /* SAAudioPlayer.m in Sources */,
				0CD157BD2C7F20FE0089ED00 /* SAAudioMetadata.m in Sources */,
				0CD157B12C7F20F20089ED00 /* SAAudioDecoder.m in Sources */,
				0CD157BB2C7F20FE0089ED00 /* SAAudioPlayer.m in Sources */,
				0CD157A62C7F20F20089ED00 /* SAAlbumArtExtractor.m in Sources */,
				0CD157472C7EC7490089ED00 /* MyAudioPlayerApp.swift in Sources */,
			);
			runOnlyForDeploymentPostprocessing = 0;
		};
/* End PBXSourcesBuildPhase section */

/* Begin XCBuildConfiguration section */
		0CD157502C7EC74B0089ED00 /* Debug */ = {
			isa = XCBuildConfiguration;
			buildSettings = {
				ALWAYS_SEARCH_USER_PATHS = NO;
				ASSETCATALOG_COMPILER_GENERATE_SWIFT_ASSET_SYMBOL_EXTENSIONS = YES;
				CLANG_ANALYZER_NONNULL = YES;
				CLANG_ANALYZER_NUMBER_OBJECT_CONVERSION = YES_AGGRESSIVE;
				CLANG_CXX_LANGUAGE_STANDARD = "gnu++20";
				CLANG_ENABLE_MODULES = YES;
				CLANG_ENABLE_OBJC_ARC = YES;
				CLANG_ENABLE_OBJC_WEAK = YES;
				CLANG_WARN_BLOCK_CAPTURE_AUTORELEASING = YES;
				CLANG_WARN_BOOL_CONVERSION = YES;
				CLANG_WARN_COMMA = YES;
				CLANG_WARN_CONSTANT_CONVERSION = YES;
				CLANG_WARN_DEPRECATED_OBJC_IMPLEMENTATIONS = YES;
				CLANG_WARN_DIRECT_OBJC_ISA_USAGE = YES_ERROR;
				CLANG_WARN_DOCUMENTATION_COMMENTS = YES;
				CLANG_WARN_EMPTY_BODY = YES;
				CLANG_WARN_ENUM_CONVERSION = YES;
				CLANG_WARN_INFINITE_RECURSION = YES;
				CLANG_WARN_INT_CONVERSION = YES;
				CLANG_WARN_NON_LITERAL_NULL_CONVERSION = YES;
				CLANG_WARN_OBJC_IMPLICIT_RETAIN_SELF = YES;
				CLANG_WARN_OBJC_LITERAL_CONVERSION = YES;
				CLANG_WARN_OBJC_ROOT_CLASS = YES_ERROR;
				CLANG_WARN_QUOTED_INCLUDE_IN_FRAMEWORK_HEADER = YES;
				CLANG_WARN_RANGE_LOOP_ANALYSIS = YES;
				CLANG_WARN_STRICT_PROTOTYPES = YES;
				CLANG_WARN_SUSPICIOUS_MOVE = YES;
				CLANG_WARN_UNGUARDED_AVAILABILITY = YES_AGGRESSIVE;
				CLANG_WARN_UNREACHABLE_CODE = YES;
				CLANG_WARN__DUPLICATE_METHOD_MATCH = YES;
				COPY_PHASE_STRIP = NO;
				DEBUG_INFORMATION_FORMAT = dwarf;
				ENABLE_STRICT_OBJC_MSGSEND = YES;
				ENABLE_TESTABILITY = YES;
				ENABLE_USER_SCRIPT_SANDBOXING = YES;
				GCC_C_LANGUAGE_STANDARD = gnu17;
				GCC_DYNAMIC_NO_PIC = NO;
				GCC_NO_COMMON_BLOCKS = YES;
				GCC_OPTIMIZATION_LEVEL = 0;
				GCC_PREPROCESSOR_DEFINITIONS = (
					"DEBUG=1",
					"$(inherited)",
				);
				GCC_WARN_64_TO_32_BIT_CONVERSION = YES;
				GCC_WARN_ABOUT_RETURN_TYPE = YES_ERROR;
				GCC_WARN_UNDECLARED_SELECTOR = YES;
				GCC_WARN_UNINITIALIZED_AUTOS = YES_AGGRESSIVE;
				GCC_WARN_UNUSED_FUNCTION = YES;
				GCC_WARN_UNUSED_VARIABLE = YES;
				LOCALIZATION_PREFERS_STRING_CATALOGS = YES;
				MTL_ENABLE_DEBUG_INFO = INCLUDE_SOURCE;
				MTL_FAST_MATH = YES;
				ONLY_ACTIVE_ARCH = YES;
				SWIFT_ACTIVE_COMPILATION_CONDITIONS = "DEBUG $(inherited)";
				SWIFT_OPTIMIZATION_LEVEL = "-Onone";
			};
			name = Debug;
		};
		0CD157512C7EC74B0089ED00 /* Release */ = {
			isa = XCBuildConfiguration;
			buildSettings = {
				ALWAYS_SEARCH_USER_PATHS = NO;
				ASSETCATALOG_COMPILER_GENERATE_SWIFT_ASSET_SYMBOL_EXTENSIONS = YES;
				CLANG_ANALYZER_NONNULL = YES;
				CLANG_ANALYZER_NUMBER_OBJECT_CONVERSION = YES_AGGRESSIVE;
				CLANG_CXX_LANGUAGE_STANDARD = "gnu++20";
				CLANG_ENABLE_MODULES = YES;
				CLANG_ENABLE_OBJC_ARC = YES;
				CLANG_ENABLE_OBJC_WEAK = YES;
				CLANG_WARN_BLOCK_CAPTURE_AUTORELEASING = YES;
				CLANG_WARN_BOOL_CONVERSION = YES;
				CLANG_WARN_COMMA = YES;
				CLANG_WARN_CONSTANT_CONVERSION = YES;
				CLANG_WARN_DEPRECATED_OBJC_IMPLEMENTATIONS = YES;
				CLANG_WARN_DIRECT_OBJC_ISA_USAGE = YES_ERROR;
				CLANG_WARN_DOCUMENTATION_COMMENTS = YES;
				CLANG_WARN_EMPTY_BODY = YES;
				CLANG_WARN_ENUM_CONVERSION = YES;
				CLANG_WARN_INFINITE_RECURSION = YES;
				CLANG_WARN_INT_CONVERSION = YES;
				CLANG_WARN_NON_LITERAL_NULL_CONVERSION = YES;
				CLANG_WARN_OBJC_IMPLICIT_RETAIN_SELF = YES;
				CLANG_WARN_OBJC_LITERAL_CONVERSION = YES;
				CLANG_WARN_OBJC_ROOT_CLASS = YES_ERROR;
				CLANG_WARN_QUOTED_INCLUDE_IN_FRAMEWORK_HEADER = YES;
				CLANG_WARN_RANGE_LOOP_ANALYSIS = YES;
				CLANG_WARN_STRICT_PROTOTYPES = YES;
				CLANG_WARN_SUSPICIOUS_MOVE = YES;
				CLANG_WARN_UNGUARDED_AVAILABILITY = YES_AGGRESSIVE;
				CLANG_WARN_UNREACHABLE_CODE = YES;
				CLANG_WARN__DUPLICATE_METHOD_MATCH = YES;
				COPY_PHASE_STRIP = NO;
				DEBUG_INFORMATION_FORMAT = "dwarf-with-dsym";
				ENABLE_NS_ASSERTIONS = NO;
				ENABLE_STRICT_OBJC_MSGSEND = YES;
				ENABLE_USER_SCRIPT_SANDBOXING = YES;
				GCC_C_LANGUAGE_STANDARD = gnu17;
				GCC_NO_COMMON_BLOCKS = YES;
				GCC_WARN_64_TO_32_BIT_CONVERSION = YES;
				GCC_WARN_ABOUT_RETURN_TYPE = YES_ERROR;
				GCC_WARN_UNDECLARED_SELECTOR = YES;
				GCC_WARN_UNINITIALIZED_AUTOS = YES_AGGRESSIVE;
				GCC_WARN_UNUSED_FUNCTION = YES;
				GCC_WARN_UNUSED_VARIABLE = YES;
				LOCALIZATION_PREFERS_STRING_CATALOGS = YES;
				MTL_ENABLE_DEBUG_INFO = NO;
				MTL_FAST_MATH = YES;
				SWIFT_COMPILATION_MODE = wholemodule;
			};
			name = Release;
		};
		0CD157532C7EC74B0089ED00 /* Debug */ = {
			isa = XCBuildConfiguration;
			buildSettings = {
				ASSETCATALOG_COMPILER_APPICON_NAME = AppIcon;
				ASSETCATALOG_COMPILER_GLOBAL_ACCENT_COLOR_NAME = AccentColor;
				CLANG_ENABLE_MODULES = YES;
				CODE_SIGN_ENTITLEMENTS = MyAudioPlayer/MyAudioPlayer.entitlements;
				CODE_SIGN_STYLE = Automatic;
				CURRENT_PROJECT_VERSION = 1;
				DEVELOPMENT_ASSET_PATHS = "\"MyAudioPlayer/Preview Content\"";
				ENABLE_PREVIEWS = YES;
				GENERATE_INFOPLIST_FILE = YES;
				"INFOPLIST_KEY_UIApplicationSceneManifest_Generation[sdk=iphoneos*]" = YES;
				"INFOPLIST_KEY_UIApplicationSceneManifest_Generation[sdk=iphonesimulator*]" = YES;
				"INFOPLIST_KEY_UIApplicationSupportsIndirectInputEvents[sdk=iphoneos*]" = YES;
				"INFOPLIST_KEY_UIApplicationSupportsIndirectInputEvents[sdk=iphonesimulator*]" = YES;
				"INFOPLIST_KEY_UILaunchScreen_Generation[sdk=iphoneos*]" = YES;
				"INFOPLIST_KEY_UILaunchScreen_Generation[sdk=iphonesimulator*]" = YES;
				"INFOPLIST_KEY_UIStatusBarStyle[sdk=iphoneos*]" = UIStatusBarStyleDefault;
				"INFOPLIST_KEY_UIStatusBarStyle[sdk=iphonesimulator*]" = UIStatusBarStyleDefault;
				INFOPLIST_KEY_UISupportedInterfaceOrientations_iPad = "UIInterfaceOrientationPortrait UIInterfaceOrientationPortraitUpsideDown UIInterfaceOrientationLandscapeLeft UIInterfaceOrientationLandscapeRight";
				INFOPLIST_KEY_UISupportedInterfaceOrientations_iPhone = "UIInterfaceOrientationPortrait UIInterfaceOrientationLandscapeLeft UIInterfaceOrientationLandscapeRight";
				IPHONEOS_DEPLOYMENT_TARGET = 17.5;
				LD_RUNPATH_SEARCH_PATHS = "@executable_path/Frameworks";
				"LD_RUNPATH_SEARCH_PATHS[sdk=macosx*]" = "@executable_path/../Frameworks";
				MACOSX_DEPLOYMENT_TARGET = 14.5;
				MARKETING_VERSION = 1.0;
				PRODUCT_BUNDLE_IDENTIFIER = SidekickAcademy.MyAudioPlayer;
				PRODUCT_NAME = "$(TARGET_NAME)";
				SDKROOT = auto;
				SUPPORTED_PLATFORMS = "iphoneos iphonesimulator";
				SUPPORTS_MACCATALYST = NO;
				SWIFT_EMIT_LOC_STRINGS = YES;
				SWIFT_OBJC_BRIDGING_HEADER = "MyAudioPlayer/MyAudioPlayer-Bridging-Header.h";
				SWIFT_OPTIMIZATION_LEVEL = "-Onone";
				SWIFT_VERSION = 5.0;
				TARGETED_DEVICE_FAMILY = "1,2";
			};
			name = Debug;
		};
		0CD157542C7EC74B0089ED00 /* Release */ = {
			isa = XCBuildConfiguration;
			buildSettings = {
				ASSETCATALOG_COMPILER_APPICON_NAME = AppIcon;
				ASSETCATALOG_COMPILER_GLOBAL_ACCENT_COLOR_NAME = AccentColor;
				CLANG_ENABLE_MODULES = YES;
				CODE_SIGN_ENTITLEMENTS = MyAudioPlayer/MyAudioPlayer.entitlements;
				CODE_SIGN_STYLE = Automatic;
				CURRENT_PROJECT_VERSION = 1;
				DEVELOPMENT_ASSET_PATHS = "\"MyAudioPlayer/Preview Content\"";
				ENABLE_PREVIEWS = YES;
				GENERATE_INFOPLIST_FILE = YES;
				"INFOPLIST_KEY_UIApplicationSceneManifest_Generation[sdk=iphoneos*]" = YES;
				"INFOPLIST_KEY_UIApplicationSceneManifest_Generation[sdk=iphonesimulator*]" = YES;
				"INFOPLIST_KEY_UIApplicationSupportsIndirectInputEvents[sdk=iphoneos*]" = YES;
				"INFOPLIST_KEY_UIApplicationSupportsIndirectInputEvents[sdk=iphonesimulator*]" = YES;
				"INFOPLIST_KEY_UILaunchScreen_Generation[sdk=iphoneos*]" = YES;
				"INFOPLIST_KEY_UILaunchScreen_Generation[sdk=iphonesimulator*]" = YES;
				"INFOPLIST_KEY_UIStatusBarStyle[sdk=iphoneos*]" = UIStatusBarStyleDefault;
				"INFOPLIST_KEY_UIStatusBarStyle[sdk=iphonesimulator*]" = UIStatusBarStyleDefault;
				INFOPLIST_KEY_UISupportedInterfaceOrientations_iPad = "UIInterfaceOrientationPortrait UIInterfaceOrientationPortraitUpsideDown UIInterfaceOrientationLandscapeLeft UIInterfaceOrientationLandscapeRight";
				INFOPLIST_KEY_UISupportedInterfaceOrientations_iPhone = "UIInterfaceOrientationPortrait UIInterfaceOrientationLandscapeLeft UIInterfaceOrientationLandscapeRight";
				IPHONEOS_DEPLOYMENT_TARGET = 17.5;
				LD_RUNPATH_SEARCH_PATHS = "@executable_path/Frameworks";
				"LD_RUNPATH_SEARCH_PATHS[sdk=macosx*]" = "@executable_path/../Frameworks";
				MACOSX_DEPLOYMENT_TARGET = 14.5;
				MARKETING_VERSION = 1.0;
				PRODUCT_BUNDLE_IDENTIFIER = SidekickAcademy.MyAudioPlayer;
				PRODUCT_NAME = "$(TARGET_NAME)";
				SDKROOT = auto;
				SUPPORTED_PLATFORMS = "iphoneos iphonesimulator";
				SUPPORTS_MACCATALYST = NO;
				SWIFT_EMIT_LOC_STRINGS = YES;
				SWIFT_OBJC_BRIDGING_HEADER = "MyAudioPlayer/MyAudioPlayer-Bridging-Header.h";
				SWIFT_VERSION = 5.0;
				TARGETED_DEVICE_FAMILY = "1,2";
			};
			name = Release;
		};
/* End XCBuildConfiguration section */

/* Begin XCConfigurationList section */
		0CD1573E2C7EC7490089ED00 /* Build configuration list for PBXProject "MyAudioPlayer" */ = {
			isa = XCConfigurationList;
			buildConfigurations = (
				0CD157502C7EC74B0089ED00 /* Debug */,
				0CD157512C7EC74B0089ED00 /* Release */,
			);
			defaultConfigurationIsVisible = 0;
			defaultConfigurationName = Release;
		};
		0CD157522C7EC74B0089ED00 /* Build configuration list for PBXNativeTarget "MyAudioPlayer" */ = {
			isa = XCConfigurationList;
			buildConfigurations = (
				0CD157532C7EC74B0089ED00 /* Debug */,
				0CD157542C7EC74B0089ED00 /* Release */,
			);
			defaultConfigurationIsVisible = 0;
			defaultConfigurationName = Release;
		};
/* End XCConfigurationList section */

/* Begin XCRemoteSwiftPackageReference section */
		0CD157552C7ECAD20089ED00 /* XCRemoteSwiftPackageReference "FFmpeg-iOS" */ = {
			isa = XCRemoteSwiftPackageReference;
			repositoryURL = "https://github.com/kewlbear/FFmpeg-iOS.git";
			requirement = {
				kind = upToNextMajorVersion;
				minimumVersion = 0.0.5;
			};
		};
/* End XCRemoteSwiftPackageReference section */

/* Begin XCSwiftPackageProductDependency section */
		0CD157562C7ECAD20089ED00 /* FFmpeg-iOS */ = {
			isa = XCSwiftPackageProductDependency;
			package = 0CD157552C7ECAD20089ED00 /* XCRemoteSwiftPackageReference "FFmpeg-iOS" */;
			productName = "FFmpeg-iOS";
		};
/* End XCSwiftPackageProductDependency section */
	};
	rootObject = 0CD1573B2C7EC7490089ED00 /* Project object */;
}
