// !$*UTF8*$!
{
	archiveVersion = 1;
	classes = {
	};
	objectVersion = 50;
	objects = {

/* Begin PBXBuildFile section */
		0CB91A3A22318096009BDA52 /* version.h in Headers */ = {isa = PBXBuildFile; fileRef = 0CB919BD22318092009BDA52 /* version.h */; };
		0CB91A3B22318096009BDA52 /* buffersrc.h in Headers */ = {isa = PBXBuildFile; fileRef = 0CB919BE22318092009BDA52 /* buffersrc.h */; };
		0CB91A3C22318096009BDA52 /* buffersink.h in Headers */ = {isa = PBXBuildFile; fileRef = 0CB919BF22318092009BDA52 /* buffersink.h */; };
		0CB91A3D22318096009BDA52 /* avfilter.h in Headers */ = {isa = PBXBuildFile; fileRef = 0CB919C022318092009BDA52 /* avfilter.h */; };
		0CB91A3E22318096009BDA52 /* hwcontext.h in Headers */ = {isa = PBXBuildFile; fileRef = 0CB919C222318092009BDA52 /* hwcontext.h */; };
		0CB91A3F22318096009BDA52 /* time.h in Headers */ = {isa = PBXBuildFile; fileRef = 0CB919C322318092009BDA52 /* time.h */; };
		0CB91A4022318096009BDA52 /* hwcontext_cuda.h in Headers */ = {isa = PBXBuildFile; fileRef = 0CB919C422318092009BDA52 /* hwcontext_cuda.h */; };
		0CB91A4122318096009BDA52 /* intfloat.h in Headers */ = {isa = PBXBuildFile; fileRef = 0CB919C522318092009BDA52 /* intfloat.h */; };
		0CB91A4222318096009BDA52 /* error.h in Headers */ = {isa = PBXBuildFile; fileRef = 0CB919C622318092009BDA52 /* error.h */; };
		0CB91A4322318096009BDA52 /* fifo.h in Headers */ = {isa = PBXBuildFile; fileRef = 0CB919C722318092009BDA52 /* fifo.h */; };
		0CB91A4422318096009BDA52 /* blowfish.h in Headers */ = {isa = PBXBuildFile; fileRef = 0CB919C822318092009BDA52 /* blowfish.h */; };
		0CB91A4522318096009BDA52 /* hwcontext_mediacodec.h in Headers */ = {isa = PBXBuildFile; fileRef = 0CB919C922318092009BDA52 /* hwcontext_mediacodec.h */; };
		0CB91A4622318096009BDA52 /* replaygain.h in Headers */ = {isa = PBXBuildFile; fileRef = 0CB919CA22318092009BDA52 /* replaygain.h */; };
		0CB91A4722318096009BDA52 /* version.h in Headers */ = {isa = PBXBuildFile; fileRef = 0CB919CB22318092009BDA52 /* version.h */; };
		0CB91A4822318096009BDA52 /* murmur3.h in Headers */ = {isa = PBXBuildFile; fileRef = 0CB919CC22318092009BDA52 /* murmur3.h */; };
		0CB91A4922318096009BDA52 /* stereo3d.h in Headers */ = {isa = PBXBuildFile; fileRef = 0CB919CD22318092009BDA52 /* stereo3d.h */; };
		0CB91A4A22318096009BDA52 /* samplefmt.h in Headers */ = {isa = PBXBuildFile; fileRef = 0CB919CE22318092009BDA52 /* samplefmt.h */; };
		0CB91A4B22318096009BDA52 /* pixdesc.h in Headers */ = {isa = PBXBuildFile; fileRef = 0CB919CF22318092009BDA52 /* pixdesc.h */; };
		0CB91A4C22318096009BDA52 /* base64.h in Headers */ = {isa = PBXBuildFile; fileRef = 0CB919D022318092009BDA52 /* base64.h */; };
		0CB91A4D22318096009BDA52 /* rational.h in Headers */ = {isa = PBXBuildFile; fileRef = 0CB919D122318092009BDA52 /* rational.h */; };
		0CB91A4E22318096009BDA52 /* sha.h in Headers */ = {isa = PBXBuildFile; fileRef = 0CB919D222318092009BDA52 /* sha.h */; };
		0CB91A4F22318096009BDA52 /* motion_vector.h in Headers */ = {isa = PBXBuildFile; fileRef = 0CB919D322318092009BDA52 /* motion_vector.h */; };
		0CB91A5022318096009BDA52 /* avconfig.h in Headers */ = {isa = PBXBuildFile; fileRef = 0CB919D422318092009BDA52 /* avconfig.h */; };
		0CB91A5122318096009BDA52 /* lfg.h in Headers */ = {isa = PBXBuildFile; fileRef = 0CB919D522318092009BDA52 /* lfg.h */; };
		0CB91A5222318096009BDA52 /* avutil.h in Headers */ = {isa = PBXBuildFile; fileRef = 0CB919D622318092009BDA52 /* avutil.h */; };
		0CB91A5322318096009BDA52 /* xtea.h in Headers */ = {isa = PBXBuildFile; fileRef = 0CB919D722318092009BDA52 /* xtea.h */; };
		0CB91A5422318096009BDA52 /* crc.h in Headers */ = {isa = PBXBuildFile; fileRef = 0CB919D822318092009BDA52 /* crc.h */; };
		0CB91A5522318096009BDA52 /* hwcontext_vdpau.h in Headers */ = {isa = PBXBuildFile; fileRef = 0CB919D922318092009BDA52 /* hwcontext_vdpau.h */; };
		0CB91A5622318096009BDA52 /* frame.h in Headers */ = {isa = PBXBuildFile; fileRef = 0CB919DA22318092009BDA52 /* frame.h */; };
		0CB91A5722318096009BDA52 /* file.h in Headers */ = {isa = PBXBuildFile; fileRef = 0CB919DB22318092009BDA52 /* file.h */; };
		0CB91A5822318096009BDA52 /* md5.h in Headers */ = {isa = PBXBuildFile; fileRef = 0CB919DC22318092009BDA52 /* md5.h */; };
		0CB91A5922318096009BDA52 /* cast5.h in Headers */ = {isa = PBXBuildFile; fileRef = 0CB919DD22318092009BDA52 /* cast5.h */; };
		0CB91A5A22318096009BDA52 /* hwcontext_vaapi.h in Headers */ = {isa = PBXBuildFile; fileRef = 0CB919DE22318092009BDA52 /* hwcontext_vaapi.h */; };
		0CB91A5B22318096009BDA52 /* spherical.h in Headers */ = {isa = PBXBuildFile; fileRef = 0CB919DF22318092009BDA52 /* spherical.h */; };
		0CB91A5C22318096009BDA52 /* ffversion.h in Headers */ = {isa = PBXBuildFile; fileRef = 0CB919E022318092009BDA52 /* ffversion.h */; };
		0CB91A5D22318096009BDA52 /* audio_fifo.h in Headers */ = {isa = PBXBuildFile; fileRef = 0CB919E122318092009BDA52 /* audio_fifo.h */; };
		0CB91A5E22318096009BDA52 /* tree.h in Headers */ = {isa = PBXBuildFile; fileRef = 0CB919E222318092009BDA52 /* tree.h */; };
		0CB91A5F22318096009BDA52 /* threadmessage.h in Headers */ = {isa = PBXBuildFile; fileRef = 0CB919E322318092009BDA52 /* threadmessage.h */; };
		0CB91A6022318096009BDA52 /* attributes.h in Headers */ = {isa = PBXBuildFile; fileRef = 0CB919E422318092009BDA52 /* attributes.h */; };
		0CB91A6122318096009BDA52 /* adler32.h in Headers */ = {isa = PBXBuildFile; fileRef = 0CB919E522318092009BDA52 /* adler32.h */; };
		0CB91A6222318096009BDA52 /* hwcontext_d3d11va.h in Headers */ = {isa = PBXBuildFile; fileRef = 0CB919E622318092009BDA52 /* hwcontext_d3d11va.h */; };
		0CB91A6322318096009BDA52 /* timecode.h in Headers */ = {isa = PBXBuildFile; fileRef = 0CB919E722318092009BDA52 /* timecode.h */; };
		0CB91A6422318096009BDA52 /* sha512.h in Headers */ = {isa = PBXBuildFile; fileRef = 0CB919E822318092009BDA52 /* sha512.h */; };
		0CB91A6522318096009BDA52 /* hwcontext_dxva2.h in Headers */ = {isa = PBXBuildFile; fileRef = 0CB919E922318092009BDA52 /* hwcontext_dxva2.h */; };
		0CB91A6622318096009BDA52 /* display.h in Headers */ = {isa = PBXBuildFile; fileRef = 0CB919EA22318092009BDA52 /* display.h */; };
		0CB91A6722318096009BDA52 /* buffer.h in Headers */ = {isa = PBXBuildFile; fileRef = 0CB919EB22318092009BDA52 /* buffer.h */; };
		0CB91A6822318096009BDA52 /* camellia.h in Headers */ = {isa = PBXBuildFile; fileRef = 0CB919EC22318092009BDA52 /* camellia.h */; };
		0CB91A6922318096009BDA52 /* pixelutils.h in Headers */ = {isa = PBXBuildFile; fileRef = 0CB919ED22318092009BDA52 /* pixelutils.h */; };
		0CB91A6A22318096009BDA52 /* hwcontext_drm.h in Headers */ = {isa = PBXBuildFile; fileRef = 0CB919EE22318092009BDA52 /* hwcontext_drm.h */; };
		0CB91A6B22318096009BDA52 /* common.h in Headers */ = {isa = PBXBuildFile; fileRef = 0CB919EF22318092009BDA52 /* common.h */; };
		0CB91A6C22318096009BDA52 /* hmac.h in Headers */ = {isa = PBXBuildFile; fileRef = 0CB919F022318092009BDA52 /* hmac.h */; };
		0CB91A6D22318096009BDA52 /* eval.h in Headers */ = {isa = PBXBuildFile; fileRef = 0CB919F122318092009BDA52 /* eval.h */; };
		0CB91A6E22318096009BDA52 /* dict.h in Headers */ = {isa = PBXBuildFile; fileRef = 0CB919F222318092009BDA52 /* dict.h */; };
		0CB91A6F22318096009BDA52 /* random_seed.h in Headers */ = {isa = PBXBuildFile; fileRef = 0CB919F322318092009BDA52 /* random_seed.h */; };
		0CB91A7022318096009BDA52 /* opt.h in Headers */ = {isa = PBXBuildFile; fileRef = 0CB919F422318092009BDA52 /* opt.h */; };
		0CB91A7122318096009BDA52 /* mastering_display_metadata.h in Headers */ = {isa = PBXBuildFile; fileRef = 0CB919F522318092009BDA52 /* mastering_display_metadata.h */; };
		0CB91A7222318096009BDA52 /* log.h in Headers */ = {isa = PBXBuildFile; fileRef = 0CB919F622318092009BDA52 /* log.h */; };
		0CB91A7322318096009BDA52 /* aes.h in Headers */ = {isa = PBXBuildFile; fileRef = 0CB919F722318092009BDA52 /* aes.h */; };
		0CB91A7422318096009BDA52 /* macros.h in Headers */ = {isa = PBXBuildFile; fileRef = 0CB919F822318092009BDA52 /* macros.h */; };
		0CB91A7522318096009BDA52 /* bswap.h in Headers */ = {isa = PBXBuildFile; fileRef = 0CB919F922318092009BDA52 /* bswap.h */; };
		0CB91A7622318096009BDA52 /* rc4.h in Headers */ = {isa = PBXBuildFile; fileRef = 0CB919FA22318092009BDA52 /* rc4.h */; };
		0CB91A7722318096009BDA52 /* tea.h in Headers */ = {isa = PBXBuildFile; fileRef = 0CB919FB22318092009BDA52 /* tea.h */; };
		0CB91A7822318096009BDA52 /* cpu.h in Headers */ = {isa = PBXBuildFile; fileRef = 0CB919FC22318092009BDA52 /* cpu.h */; };
		0CB91A7922318096009BDA52 /* lzo.h in Headers */ = {isa = PBXBuildFile; fileRef = 0CB919FD22318092009BDA52 /* lzo.h */; };
		0CB91A7A22318096009BDA52 /* des.h in Headers */ = {isa = PBXBuildFile; fileRef = 0CB919FE22318092009BDA52 /* des.h */; };
		0CB91A7B22318096009BDA52 /* channel_layout.h in Headers */ = {isa = PBXBuildFile; fileRef = 0CB919FF22318092009BDA52 /* channel_layout.h */; };
		0CB91A7C22318096009BDA52 /* encryption_info.h in Headers */ = {isa = PBXBuildFile; fileRef = 0CB91A0022318092009BDA52 /* encryption_info.h */; };
		0CB91A7D22318096009BDA52 /* twofish.h in Headers */ = {isa = PBXBuildFile; fileRef = 0CB91A0122318092009BDA52 /* twofish.h */; };
		0CB91A7E22318096009BDA52 /* imgutils.h in Headers */ = {isa = PBXBuildFile; fileRef = 0CB91A0222318092009BDA52 /* imgutils.h */; };
		0CB91A7F22318096009BDA52 /* hwcontext_videotoolbox.h in Headers */ = {isa = PBXBuildFile; fileRef = 0CB91A0322318092009BDA52 /* hwcontext_videotoolbox.h */; };
		0CB91A8022318096009BDA52 /* mem.h in Headers */ = {isa = PBXBuildFile; fileRef = 0CB91A0422318092009BDA52 /* mem.h */; };
		0CB91A8122318096009BDA52 /* parseutils.h in Headers */ = {isa = PBXBuildFile; fileRef = 0CB91A0522318092009BDA52 /* parseutils.h */; };
		0CB91A8222318096009BDA52 /* ripemd.h in Headers */ = {isa = PBXBuildFile; fileRef = 0CB91A0622318092009BDA52 /* ripemd.h */; };
		0CB91A8322318096009BDA52 /* bprint.h in Headers */ = {isa = PBXBuildFile; fileRef = 0CB91A0722318092009BDA52 /* bprint.h */; };
		0CB91A8422318096009BDA52 /* hwcontext_qsv.h in Headers */ = {isa = PBXBuildFile; fileRef = 0CB91A0822318092009BDA52 /* hwcontext_qsv.h */; };
		0CB91A8522318096009BDA52 /* pixfmt.h in Headers */ = {isa = PBXBuildFile; fileRef = 0CB91A0922318092009BDA52 /* pixfmt.h */; };
		0CB91A8622318096009BDA52 /* aes_ctr.h in Headers */ = {isa = PBXBuildFile; fileRef = 0CB91A0A22318092009BDA52 /* aes_ctr.h */; };
		0CB91A8722318096009BDA52 /* timestamp.h in Headers */ = {isa = PBXBuildFile; fileRef = 0CB91A0B22318092009BDA52 /* timestamp.h */; };
		0CB91A8822318096009BDA52 /* downmix_info.h in Headers */ = {isa = PBXBuildFile; fileRef = 0CB91A0C22318092009BDA52 /* downmix_info.h */; };
		0CB91A8922318096009BDA52 /* avassert.h in Headers */ = {isa = PBXBuildFile; fileRef = 0CB91A0D22318092009BDA52 /* avassert.h */; };
		0CB91A8A22318096009BDA52 /* hash.h in Headers */ = {isa = PBXBuildFile; fileRef = 0CB91A0E22318092009BDA52 /* hash.h */; };
		0CB91A8B22318096009BDA52 /* mathematics.h in Headers */ = {isa = PBXBuildFile; fileRef = 0CB91A0F22318092009BDA52 /* mathematics.h */; };
		0CB91A8C22318096009BDA52 /* intreadwrite.h in Headers */ = {isa = PBXBuildFile; fileRef = 0CB91A1022318092009BDA52 /* intreadwrite.h */; };
		0CB91A8D22318096009BDA52 /* avstring.h in Headers */ = {isa = PBXBuildFile; fileRef = 0CB91A1122318092009BDA52 /* avstring.h */; };
		0CB91A9022318096009BDA52 /* version.h in Headers */ = {isa = PBXBuildFile; fileRef = 0CB91A1622318092009BDA52 /* version.h */; };
		0CB91A9122318096009BDA52 /* avio.h in Headers */ = {isa = PBXBuildFile; fileRef = 0CB91A1722318092009BDA52 /* avio.h */; };
		0CB91A9222318096009BDA52 /* avformat.h in Headers */ = {isa = PBXBuildFile; fileRef = 0CB91A1822318092009BDA52 /* avformat.h */; };
		0CB91A9522318096009BDA52 /* adts_parser.h in Headers */ = {isa = PBXBuildFile; fileRef = 0CB91A1D22318092009BDA52 /* adts_parser.h */; };
		0CB91A9622318096009BDA52 /* avcodec.h in Headers */ = {isa = PBXBuildFile; fileRef = 0CB91A1E22318092009BDA52 /* avcodec.h */; };
		0CB91A9722318096009BDA52 /* version.h in Headers */ = {isa = PBXBuildFile; fileRef = 0CB91A1F22318092009BDA52 /* version.h */; };
		0CB91A9822318096009BDA52 /* vdpau.h in Headers */ = {isa = PBXBuildFile; fileRef = 0CB91A2022318092009BDA52 /* vdpau.h */; };
		0CB91A9922318096009BDA52 /* qsv.h in Headers */ = {isa = PBXBuildFile; fileRef = 0CB91A2122318092009BDA52 /* qsv.h */; };
		0CB91A9A22318096009BDA52 /* vaapi.h in Headers */ = {isa = PBXBuildFile; fileRef = 0CB91A2222318092009BDA52 /* vaapi.h */; };
		0CB91A9B22318096009BDA52 /* videotoolbox.h in Headers */ = {isa = PBXBuildFile; fileRef = 0CB91A2322318092009BDA52 /* videotoolbox.h */; };
		0CB91A9C22318096009BDA52 /* xvmc.h in Headers */ = {isa = PBXBuildFile; fileRef = 0CB91A2422318092009BDA52 /* xvmc.h */; };
		0CB91A9D22318096009BDA52 /* mediacodec.h in Headers */ = {isa = PBXBuildFile; fileRef = 0CB91A2522318092009BDA52 /* mediacodec.h */; };
		0CB91A9E22318096009BDA52 /* d3d11va.h in Headers */ = {isa = PBXBuildFile; fileRef = 0CB91A2622318092009BDA52 /* d3d11va.h */; };
		0CB91A9F22318096009BDA52 /* avfft.h in Headers */ = {isa = PBXBuildFile; fileRef = 0CB91A2722318092009BDA52 /* avfft.h */; };
		0CB91AA022318096009BDA52 /* jni.h in Headers */ = {isa = PBXBuildFile; fileRef = 0CB91A2822318092009BDA52 /* jni.h */; };
		0CB91AA122318096009BDA52 /* dirac.h in Headers */ = {isa = PBXBuildFile; fileRef = 0CB91A2922318092009BDA52 /* dirac.h */; };
		0CB91AA222318096009BDA52 /* avdct.h in Headers */ = {isa = PBXBuildFile; fileRef = 0CB91A2A22318092009BDA52 /* avdct.h */; };
		0CB91AA322318096009BDA52 /* ac3_parser.h in Headers */ = {isa = PBXBuildFile; fileRef = 0CB91A2B22318092009BDA52 /* ac3_parser.h */; };
		0CB91AA422318096009BDA52 /* vorbis_parser.h in Headers */ = {isa = PBXBuildFile; fileRef = 0CB91A2C22318092009BDA52 /* vorbis_parser.h */; };
		0CB91AA522318096009BDA52 /* dxva2.h in Headers */ = {isa = PBXBuildFile; fileRef = 0CB91A2D22318092009BDA52 /* dxva2.h */; };
		0CB91AA622318096009BDA52 /* dv_profile.h in Headers */ = {isa = PBXBuildFile; fileRef = 0CB91A2E22318092009BDA52 /* dv_profile.h */; };
		0CB91AA722318096009BDA52 /* version.h in Headers */ = {isa = PBXBuildFile; fileRef = 0CB91A3022318092009BDA52 /* version.h */; };
		0CB91AA822318096009BDA52 /* swresample.h in Headers */ = {isa = PBXBuildFile; fileRef = 0CB91A3122318092009BDA52 /* swresample.h */; };
		0CB91AA922318096009BDA52 /* libavutil.a in Frameworks */ = {isa = PBXBuildFile; fileRef = 0CB91A3322318096009BDA52 /* libavutil.a */; };
		0CB91AAA22318096009BDA52 /* libavfilter.a in Frameworks */ = {isa = PBXBuildFile; fileRef = 0CB91A3422318096009BDA52 /* libavfilter.a */; };
		0CB91AAB22318096009BDA52 /* libavcodec.a in Frameworks */ = {isa = PBXBuildFile; fileRef = 0CB91A3522318096009BDA52 /* libavcodec.a */; };
		0CB91AAC22318096009BDA52 /* libavformat.a in Frameworks */ = {isa = PBXBuildFile; fileRef = 0CB91A3622318096009BDA52 /* libavformat.a */; };
		0CB91AAE22318096009BDA52 /* libswresample.a in Frameworks */ = {isa = PBXBuildFile; fileRef = 0CB91A3822318096009BDA52 /* libswresample.a */; };
		0CBDC8A02243BB740026D657 /* libiconv.tbd in Frameworks */ = {isa = PBXBuildFile; fileRef = 0CBDC89F2243BB740026D657 /* libiconv.tbd */; };
		0CBDC8A22243BB800026D657 /* libz.tbd in Frameworks */ = {isa = PBXBuildFile; fileRef = 0CBDC8A12243BB800026D657 /* libz.tbd */; };
		0CBDC8A42243BB880026D657 /* libbz2.tbd in Frameworks */ = {isa = PBXBuildFile; fileRef = 0CBDC8A32243BB880026D657 /* libbz2.tbd */; };
		0CBDC8A62243BB910026D657 /* CoreVideo.framework in Frameworks */ = {isa = PBXBuildFile; fileRef = 0CBDC8A52243BB910026D657 /* CoreVideo.framework */; };
		0CBDC8A82243BB9A0026D657 /* CoreAudio.framework in Frameworks */ = {isa = PBXBuildFile; fileRef = 0CBDC8A72243BB9A0026D657 /* CoreAudio.framework */; };
		0CBDC8B02243D0B20026D657 /* CoreMedia.framework in Frameworks */ = {isa = PBXBuildFile; fileRef = 0CBDC8AF2243D0B20026D657 /* CoreMedia.framework */; };
		0CBDC8B52243D31C0026D657 /* VideoToolbox.framework in Frameworks */ = {isa = PBXBuildFile; fileRef = 0CBDC8AD2243D0530026D657 /* VideoToolbox.framework */; };
		0CBDC99C2244ACA60026D657 /* version.h in Headers */ = {isa = PBXBuildFile; fileRef = 0CBDC99A2244ACA60026D657 /* version.h */; };
		0CBDC99D2244ACA60026D657 /* swscale.h in Headers */ = {isa = PBXBuildFile; fileRef = 0CBDC99B2244ACA60026D657 /* swscale.h */; };
		0CBDC99F2244ACB10026D657 /* libswscale.a in Frameworks */ = {isa = PBXBuildFile; fileRef = 0CBDC99E2244ACB10026D657 /* libswscale.a */; };
		0CD211DB2265DD8200F51C99 /* SAAudioEqualizer.h in Headers */ = {isa = PBXBuildFile; fileRef = 0CD211C52265DD8200F51C99 /* SAAudioEqualizer.h */; };
		0CD211DC2265DD8200F51C99 /* SAAudioEqualizer.m in Sources */ = {isa = PBXBuildFile; fileRef = 0CD211C62265DD8200F51C99 /* SAAudioEqualizer.m */; };
		0CD211DD2265DD8200F51C99 /* SAAudioDecoder.m in Sources */ = {isa = PBXBuildFile; fileRef = 0CD211C82265DD8200F51C99 /* SAAudioDecoder.m */; };
		0CD211DE2265DD8200F51C99 /* SAAudioDecoder.h in Headers */ = {isa = PBXBuildFile; fileRef = 0CD211C92265DD8200F51C99 /* SAAudioDecoder.h */; };
		0CD211DF2265DD8200F51C99 /* SAAudioSystem.h in Headers */ = {isa = PBXBuildFile; fileRef = 0CD211CA2265DD8200F51C99 /* SAAudioSystem.h */; settings = {ATTRIBUTES = (Public, ); }; };
		0CD211E02265DD8200F51C99 /* SAMetadataCollector.m in Sources */ = {isa = PBXBuildFile; fileRef = 0CD211CC2265DD8200F51C99 /* SAMetadataCollector.m */; };
		0CD211E12265DD8200F51C99 /* SAAlbumArtExtractor.h in Headers */ = {isa = PBXBuildFile; fileRef = 0CD211CD2265DD8200F51C99 /* SAAlbumArtExtractor.h */; };
		0CD211E22265DD8200F51C99 /* SAMetadataCollector.h in Headers */ = {isa = PBXBuildFile; fileRef = 0CD211CE2265DD8200F51C99 /* SAMetadataCollector.h */; };
		0CD211E32265DD8200F51C99 /* SAAlbumArtExtractor.m in Sources */ = {isa = PBXBuildFile; fileRef = 0CD211CF2265DD8200F51C99 /* SAAlbumArtExtractor.m */; };
		0CD211E42265DD8200F51C99 /* SAPacketQueue.h in Headers */ = {isa = PBXBuildFile; fileRef = 0CD211D12265DD8200F51C99 /* SAPacketQueue.h */; };
		0CD211E52265DD8200F51C99 /* SAAudioMetadata.m in Sources */ = {isa = PBXBuildFile; fileRef = 0CD211D22265DD8200F51C99 /* SAAudioMetadata.m */; };
		0CD211E62265DD8200F51C99 /* SAPacketQueue.m in Sources */ = {isa = PBXBuildFile; fileRef = 0CD211D32265DD8200F51C99 /* SAPacketQueue.m */; };
		0CD211E72265DD8200F51C99 /* SAAudioMetadata.h in Headers */ = {isa = PBXBuildFile; fileRef = 0CD211D42265DD8200F51C99 /* SAAudioMetadata.h */; settings = {ATTRIBUTES = (Public, ); }; };
		0CD211E82265DD8200F51C99 /* SAAudioSystemError.h in Headers */ = {isa = PBXBuildFile; fileRef = 0CD211D62265DD8200F51C99 /* SAAudioSystemError.h */; };
		0CD211EA2265DD8200F51C99 /* SAAudioPlayer.m in Sources */ = {isa = PBXBuildFile; fileRef = 0CD211D92265DD8200F51C99 /* SAAudioPlayer.m */; };
		0CD211EB2265DD8200F51C99 /* SAAudioPlayer.h in Headers */ = {isa = PBXBuildFile; fileRef = 0CD211DA2265DD8200F51C99 /* SAAudioPlayer.h */; settings = {ATTRIBUTES = (Public, ); }; };
/* End PBXBuildFile section */

/* Begin PBXFileReference section */
		0CB919AF2231806D009BDA52 /* SAAudioSystem.framework */ = {isa = PBXFileReference; explicitFileType = wrapper.framework; includeInIndex = 0; path = SAAudioSystem.framework; sourceTree = BUILT_PRODUCTS_DIR; };
		0CB919BD22318092009BDA52 /* version.h */ = {isa = PBXFileReference; fileEncoding = 4; lastKnownFileType = sourcecode.c.h; path = version.h; sourceTree = "<group>"; };
		0CB919BE22318092009BDA52 /* buffersrc.h */ = {isa = PBXFileReference; fileEncoding = 4; lastKnownFileType = sourcecode.c.h; path = buffersrc.h; sourceTree = "<group>"; };
		0CB919BF22318092009BDA52 /* buffersink.h */ = {isa = PBXFileReference; fileEncoding = 4; lastKnownFileType = sourcecode.c.h; path = buffersink.h; sourceTree = "<group>"; };
		0CB919C022318092009BDA52 /* avfilter.h */ = {isa = PBXFileReference; fileEncoding = 4; lastKnownFileType = sourcecode.c.h; path = avfilter.h; sourceTree = "<group>"; };
		0CB919C222318092009BDA52 /* hwcontext.h */ = {isa = PBXFileReference; fileEncoding = 4; lastKnownFileType = sourcecode.c.h; path = hwcontext.h; sourceTree = "<group>"; };
		0CB919C322318092009BDA52 /* time.h */ = {isa = PBXFileReference; fileEncoding = 4; lastKnownFileType = sourcecode.c.h; path = time.h; sourceTree = "<group>"; };
		0CB919C422318092009BDA52 /* hwcontext_cuda.h */ = {isa = PBXFileReference; fileEncoding = 4; lastKnownFileType = sourcecode.c.h; path = hwcontext_cuda.h; sourceTree = "<group>"; };
		0CB919C522318092009BDA52 /* intfloat.h */ = {isa = PBXFileReference; fileEncoding = 4; lastKnownFileType = sourcecode.c.h; path = intfloat.h; sourceTree = "<group>"; };
		0CB919C622318092009BDA52 /* error.h */ = {isa = PBXFileReference; fileEncoding = 4; lastKnownFileType = sourcecode.c.h; path = error.h; sourceTree = "<group>"; };
		0CB919C722318092009BDA52 /* fifo.h */ = {isa = PBXFileReference; fileEncoding = 4; lastKnownFileType = sourcecode.c.h; path = fifo.h; sourceTree = "<group>"; };
		0CB919C822318092009BDA52 /* blowfish.h */ = {isa = PBXFileReference; fileEncoding = 4; lastKnownFileType = sourcecode.c.h; path = blowfish.h; sourceTree = "<group>"; };
		0CB919C922318092009BDA52 /* hwcontext_mediacodec.h */ = {isa = PBXFileReference; fileEncoding = 4; lastKnownFileType = sourcecode.c.h; path = hwcontext_mediacodec.h; sourceTree = "<group>"; };
		0CB919CA22318092009BDA52 /* replaygain.h */ = {isa = PBXFileReference; fileEncoding = 4; lastKnownFileType = sourcecode.c.h; path = replaygain.h; sourceTree = "<group>"; };
		0CB919CB22318092009BDA52 /* version.h */ = {isa = PBXFileReference; fileEncoding = 4; lastKnownFileType = sourcecode.c.h; path = version.h; sourceTree = "<group>"; };
		0CB919CC22318092009BDA52 /* murmur3.h */ = {isa = PBXFileReference; fileEncoding = 4; lastKnownFileType = sourcecode.c.h; path = murmur3.h; sourceTree = "<group>"; };
		0CB919CD22318092009BDA52 /* stereo3d.h */ = {isa = PBXFileReference; fileEncoding = 4; lastKnownFileType = sourcecode.c.h; path = stereo3d.h; sourceTree = "<group>"; };
		0CB919CE22318092009BDA52 /* samplefmt.h */ = {isa = PBXFileReference; fileEncoding = 4; lastKnownFileType = sourcecode.c.h; path = samplefmt.h; sourceTree = "<group>"; };
		0CB919CF22318092009BDA52 /* pixdesc.h */ = {isa = PBXFileReference; fileEncoding = 4; lastKnownFileType = sourcecode.c.h; path = pixdesc.h; sourceTree = "<group>"; };
		0CB919D022318092009BDA52 /* base64.h */ = {isa = PBXFileReference; fileEncoding = 4; lastKnownFileType = sourcecode.c.h; path = base64.h; sourceTree = "<group>"; };
		0CB919D122318092009BDA52 /* rational.h */ = {isa = PBXFileReference; fileEncoding = 4; lastKnownFileType = sourcecode.c.h; path = rational.h; sourceTree = "<group>"; };
		0CB919D222318092009BDA52 /* sha.h */ = {isa = PBXFileReference; fileEncoding = 4; lastKnownFileType = sourcecode.c.h; path = sha.h; sourceTree = "<group>"; };
		0CB919D322318092009BDA52 /* motion_vector.h */ = {isa = PBXFileReference; fileEncoding = 4; lastKnownFileType = sourcecode.c.h; path = motion_vector.h; sourceTree = "<group>"; };
		0CB919D422318092009BDA52 /* avconfig.h */ = {isa = PBXFileReference; fileEncoding = 4; lastKnownFileType = sourcecode.c.h; path = avconfig.h; sourceTree = "<group>"; };
		0CB919D522318092009BDA52 /* lfg.h */ = {isa = PBXFileReference; fileEncoding = 4; lastKnownFileType = sourcecode.c.h; path = lfg.h; sourceTree = "<group>"; };
		0CB919D622318092009BDA52 /* avutil.h */ = {isa = PBXFileReference; fileEncoding = 4; lastKnownFileType = sourcecode.c.h; path = avutil.h; sourceTree = "<group>"; };
		0CB919D722318092009BDA52 /* xtea.h */ = {isa = PBXFileReference; fileEncoding = 4; lastKnownFileType = sourcecode.c.h; path = xtea.h; sourceTree = "<group>"; };
		0CB919D822318092009BDA52 /* crc.h */ = {isa = PBXFileReference; fileEncoding = 4; lastKnownFileType = sourcecode.c.h; path = crc.h; sourceTree = "<group>"; };
		0CB919D922318092009BDA52 /* hwcontext_vdpau.h */ = {isa = PBXFileReference; fileEncoding = 4; lastKnownFileType = sourcecode.c.h; path = hwcontext_vdpau.h; sourceTree = "<group>"; };
		0CB919DA22318092009BDA52 /* frame.h */ = {isa = PBXFileReference; fileEncoding = 4; lastKnownFileType = sourcecode.c.h; path = frame.h; sourceTree = "<group>"; };
		0CB919DB22318092009BDA52 /* file.h */ = {isa = PBXFileReference; fileEncoding = 4; lastKnownFileType = sourcecode.c.h; path = file.h; sourceTree = "<group>"; };
		0CB919DC22318092009BDA52 /* md5.h */ = {isa = PBXFileReference; fileEncoding = 4; lastKnownFileType = sourcecode.c.h; path = md5.h; sourceTree = "<group>"; };
		0CB919DD22318092009BDA52 /* cast5.h */ = {isa = PBXFileReference; fileEncoding = 4; lastKnownFileType = sourcecode.c.h; path = cast5.h; sourceTree = "<group>"; };
		0CB919DE22318092009BDA52 /* hwcontext_vaapi.h */ = {isa = PBXFileReference; fileEncoding = 4; lastKnownFileType = sourcecode.c.h; path = hwcontext_vaapi.h; sourceTree = "<group>"; };
		0CB919DF22318092009BDA52 /* spherical.h */ = {isa = PBXFileReference; fileEncoding = 4; lastKnownFileType = sourcecode.c.h; path = spherical.h; sourceTree = "<group>"; };
		0CB919E022318092009BDA52 /* ffversion.h */ = {isa = PBXFileReference; fileEncoding = 4; lastKnownFileType = sourcecode.c.h; path = ffversion.h; sourceTree = "<group>"; };
		0CB919E122318092009BDA52 /* audio_fifo.h */ = {isa = PBXFileReference; fileEncoding = 4; lastKnownFileType = sourcecode.c.h; path = audio_fifo.h; sourceTree = "<group>"; };
		0CB919E222318092009BDA52 /* tree.h */ = {isa = PBXFileReference; fileEncoding = 4; lastKnownFileType = sourcecode.c.h; path = tree.h; sourceTree = "<group>"; };
		0CB919E322318092009BDA52 /* threadmessage.h */ = {isa = PBXFileReference; fileEncoding = 4; lastKnownFileType = sourcecode.c.h; path = threadmessage.h; sourceTree = "<group>"; };
		0CB919E422318092009BDA52 /* attributes.h */ = {isa = PBXFileReference; fileEncoding = 4; lastKnownFileType = sourcecode.c.h; path = attributes.h; sourceTree = "<group>"; };
		0CB919E522318092009BDA52 /* adler32.h */ = {isa = PBXFileReference; fileEncoding = 4; lastKnownFileType = sourcecode.c.h; path = adler32.h; sourceTree = "<group>"; };
		0CB919E622318092009BDA52 /* hwcontext_d3d11va.h */ = {isa = PBXFileReference; fileEncoding = 4; lastKnownFileType = sourcecode.c.h; path = hwcontext_d3d11va.h; sourceTree = "<group>"; };
		0CB919E722318092009BDA52 /* timecode.h */ = {isa = PBXFileReference; fileEncoding = 4; lastKnownFileType = sourcecode.c.h; path = timecode.h; sourceTree = "<group>"; };
		0CB919E822318092009BDA52 /* sha512.h */ = {isa = PBXFileReference; fileEncoding = 4; lastKnownFileType = sourcecode.c.h; path = sha512.h; sourceTree = "<group>"; };
		0CB919E922318092009BDA52 /* hwcontext_dxva2.h */ = {isa = PBXFileReference; fileEncoding = 4; lastKnownFileType = sourcecode.c.h; path = hwcontext_dxva2.h; sourceTree = "<group>"; };
		0CB919EA22318092009BDA52 /* display.h */ = {isa = PBXFileReference; fileEncoding = 4; lastKnownFileType = sourcecode.c.h; path = display.h; sourceTree = "<group>"; };
		0CB919EB22318092009BDA52 /* buffer.h */ = {isa = PBXFileReference; fileEncoding = 4; lastKnownFileType = sourcecode.c.h; path = buffer.h; sourceTree = "<group>"; };
		0CB919EC22318092009BDA52 /* camellia.h */ = {isa = PBXFileReference; fileEncoding = 4; lastKnownFileType = sourcecode.c.h; path = camellia.h; sourceTree = "<group>"; };
		0CB919ED22318092009BDA52 /* pixelutils.h */ = {isa = PBXFileReference; fileEncoding = 4; lastKnownFileType = sourcecode.c.h; path = pixelutils.h; sourceTree = "<group>"; };
		0CB919EE22318092009BDA52 /* hwcontext_drm.h */ = {isa = PBXFileReference; fileEncoding = 4; lastKnownFileType = sourcecode.c.h; path = hwcontext_drm.h; sourceTree = "<group>"; };
		0CB919EF22318092009BDA52 /* common.h */ = {isa = PBXFileReference; fileEncoding = 4; lastKnownFileType = sourcecode.c.h; path = common.h; sourceTree = "<group>"; };
		0CB919F022318092009BDA52 /* hmac.h */ = {isa = PBXFileReference; fileEncoding = 4; lastKnownFileType = sourcecode.c.h; path = hmac.h; sourceTree = "<group>"; };
		0CB919F122318092009BDA52 /* eval.h */ = {isa = PBXFileReference; fileEncoding = 4; lastKnownFileType = sourcecode.c.h; path = eval.h; sourceTree = "<group>"; };
		0CB919F222318092009BDA52 /* dict.h */ = {isa = PBXFileReference; fileEncoding = 4; lastKnownFileType = sourcecode.c.h; path = dict.h; sourceTree = "<group>"; };
		0CB919F322318092009BDA52 /* random_seed.h */ = {isa = PBXFileReference; fileEncoding = 4; lastKnownFileType = sourcecode.c.h; path = random_seed.h; sourceTree = "<group>"; };
		0CB919F422318092009BDA52 /* opt.h */ = {isa = PBXFileReference; fileEncoding = 4; lastKnownFileType = sourcecode.c.h; path = opt.h; sourceTree = "<group>"; };
		0CB919F522318092009BDA52 /* mastering_display_metadata.h */ = {isa = PBXFileReference; fileEncoding = 4; lastKnownFileType = sourcecode.c.h; path = mastering_display_metadata.h; sourceTree = "<group>"; };
		0CB919F622318092009BDA52 /* log.h */ = {isa = PBXFileReference; fileEncoding = 4; lastKnownFileType = sourcecode.c.h; path = log.h; sourceTree = "<group>"; };
		0CB919F722318092009BDA52 /* aes.h */ = {isa = PBXFileReference; fileEncoding = 4; lastKnownFileType = sourcecode.c.h; path = aes.h; sourceTree = "<group>"; };
		0CB919F822318092009BDA52 /* macros.h */ = {isa = PBXFileReference; fileEncoding = 4; lastKnownFileType = sourcecode.c.h; path = macros.h; sourceTree = "<group>"; };
		0CB919F922318092009BDA52 /* bswap.h */ = {isa = PBXFileReference; fileEncoding = 4; lastKnownFileType = sourcecode.c.h; path = bswap.h; sourceTree = "<group>"; };
		0CB919FA22318092009BDA52 /* rc4.h */ = {isa = PBXFileReference; fileEncoding = 4; lastKnownFileType = sourcecode.c.h; path = rc4.h; sourceTree = "<group>"; };
		0CB919FB22318092009BDA52 /* tea.h */ = {isa = PBXFileReference; fileEncoding = 4; lastKnownFileType = sourcecode.c.h; path = tea.h; sourceTree = "<group>"; };
		0CB919FC22318092009BDA52 /* cpu.h */ = {isa = PBXFileReference; fileEncoding = 4; lastKnownFileType = sourcecode.c.h; path = cpu.h; sourceTree = "<group>"; };
		0CB919FD22318092009BDA52 /* lzo.h */ = {isa = PBXFileReference; fileEncoding = 4; lastKnownFileType = sourcecode.c.h; path = lzo.h; sourceTree = "<group>"; };
		0CB919FE22318092009BDA52 /* des.h */ = {isa = PBXFileReference; fileEncoding = 4; lastKnownFileType = sourcecode.c.h; path = des.h; sourceTree = "<group>"; };
		0CB919FF22318092009BDA52 /* channel_layout.h */ = {isa = PBXFileReference; fileEncoding = 4; lastKnownFileType = sourcecode.c.h; path = channel_layout.h; sourceTree = "<group>"; };
		0CB91A0022318092009BDA52 /* encryption_info.h */ = {isa = PBXFileReference; fileEncoding = 4; lastKnownFileType = sourcecode.c.h; path = encryption_info.h; sourceTree = "<group>"; };
		0CB91A0122318092009BDA52 /* twofish.h */ = {isa = PBXFileReference; fileEncoding = 4; lastKnownFileType = sourcecode.c.h; path = twofish.h; sourceTree = "<group>"; };
		0CB91A0222318092009BDA52 /* imgutils.h */ = {isa = PBXFileReference; fileEncoding = 4; lastKnownFileType = sourcecode.c.h; path = imgutils.h; sourceTree = "<group>"; };
		0CB91A0322318092009BDA52 /* hwcontext_videotoolbox.h */ = {isa = PBXFileReference; fileEncoding = 4; lastKnownFileType = sourcecode.c.h; path = hwcontext_videotoolbox.h; sourceTree = "<group>"; };
		0CB91A0422318092009BDA52 /* mem.h */ = {isa = PBXFileReference; fileEncoding = 4; lastKnownFileType = sourcecode.c.h; path = mem.h; sourceTree = "<group>"; };
		0CB91A0522318092009BDA52 /* parseutils.h */ = {isa = PBXFileReference; fileEncoding = 4; lastKnownFileType = sourcecode.c.h; path = parseutils.h; sourceTree = "<group>"; };
		0CB91A0622318092009BDA52 /* ripemd.h */ = {isa = PBXFileReference; fileEncoding = 4; lastKnownFileType = sourcecode.c.h; path = ripemd.h; sourceTree = "<group>"; };
		0CB91A0722318092009BDA52 /* bprint.h */ = {isa = PBXFileReference; fileEncoding = 4; lastKnownFileType = sourcecode.c.h; path = bprint.h; sourceTree = "<group>"; };
		0CB91A0822318092009BDA52 /* hwcontext_qsv.h */ = {isa = PBXFileReference; fileEncoding = 4; lastKnownFileType = sourcecode.c.h; path = hwcontext_qsv.h; sourceTree = "<group>"; };
		0CB91A0922318092009BDA52 /* pixfmt.h */ = {isa = PBXFileReference; fileEncoding = 4; lastKnownFileType = sourcecode.c.h; path = pixfmt.h; sourceTree = "<group>"; };
		0CB91A0A22318092009BDA52 /* aes_ctr.h */ = {isa = PBXFileReference; fileEncoding = 4; lastKnownFileType = sourcecode.c.h; path = aes_ctr.h; sourceTree = "<group>"; };
		0CB91A0B22318092009BDA52 /* timestamp.h */ = {isa = PBXFileReference; fileEncoding = 4; lastKnownFileType = sourcecode.c.h; path = timestamp.h; sourceTree = "<group>"; };
		0CB91A0C22318092009BDA52 /* downmix_info.h */ = {isa = PBXFileReference; fileEncoding = 4; lastKnownFileType = sourcecode.c.h; path = downmix_info.h; sourceTree = "<group>"; };
		0CB91A0D22318092009BDA52 /* avassert.h */ = {isa = PBXFileReference; fileEncoding = 4; lastKnownFileType = sourcecode.c.h; path = avassert.h; sourceTree = "<group>"; };
		0CB91A0E22318092009BDA52 /* hash.h */ = {isa = PBXFileReference; fileEncoding = 4; lastKnownFileType = sourcecode.c.h; path = hash.h; sourceTree = "<group>"; };
		0CB91A0F22318092009BDA52 /* mathematics.h */ = {isa = PBXFileReference; fileEncoding = 4; lastKnownFileType = sourcecode.c.h; path = mathematics.h; sourceTree = "<group>"; };
		0CB91A1022318092009BDA52 /* intreadwrite.h */ = {isa = PBXFileReference; fileEncoding = 4; lastKnownFileType = sourcecode.c.h; path = intreadwrite.h; sourceTree = "<group>"; };
		0CB91A1122318092009BDA52 /* avstring.h */ = {isa = PBXFileReference; fileEncoding = 4; lastKnownFileType = sourcecode.c.h; path = avstring.h; sourceTree = "<group>"; };
		0CB91A1622318092009BDA52 /* version.h */ = {isa = PBXFileReference; fileEncoding = 4; lastKnownFileType = sourcecode.c.h; path = version.h; sourceTree = "<group>"; };
		0CB91A1722318092009BDA52 /* avio.h */ = {isa = PBXFileReference; fileEncoding = 4; lastKnownFileType = sourcecode.c.h; path = avio.h; sourceTree = "<group>"; };
		0CB91A1822318092009BDA52 /* avformat.h */ = {isa = PBXFileReference; fileEncoding = 4; lastKnownFileType = sourcecode.c.h; path = avformat.h; sourceTree = "<group>"; };
		0CB91A1D22318092009BDA52 /* adts_parser.h */ = {isa = PBXFileReference; fileEncoding = 4; lastKnownFileType = sourcecode.c.h; path = adts_parser.h; sourceTree = "<group>"; };
		0CB91A1E22318092009BDA52 /* avcodec.h */ = {isa = PBXFileReference; fileEncoding = 4; lastKnownFileType = sourcecode.c.h; path = avcodec.h; sourceTree = "<group>"; };
		0CB91A1F22318092009BDA52 /* version.h */ = {isa = PBXFileReference; fileEncoding = 4; lastKnownFileType = sourcecode.c.h; path = version.h; sourceTree = "<group>"; };
		0CB91A2022318092009BDA52 /* vdpau.h */ = {isa = PBXFileReference; fileEncoding = 4; lastKnownFileType = sourcecode.c.h; path = vdpau.h; sourceTree = "<group>"; };
		0CB91A2122318092009BDA52 /* qsv.h */ = {isa = PBXFileReference; fileEncoding = 4; lastKnownFileType = sourcecode.c.h; path = qsv.h; sourceTree = "<group>"; };
		0CB91A2222318092009BDA52 /* vaapi.h */ = {isa = PBXFileReference; fileEncoding = 4; lastKnownFileType = sourcecode.c.h; path = vaapi.h; sourceTree = "<group>"; };
		0CB91A2322318092009BDA52 /* videotoolbox.h */ = {isa = PBXFileReference; fileEncoding = 4; lastKnownFileType = sourcecode.c.h; path = videotoolbox.h; sourceTree = "<group>"; };
		0CB91A2422318092009BDA52 /* xvmc.h */ = {isa = PBXFileReference; fileEncoding = 4; lastKnownFileType = sourcecode.c.h; path = xvmc.h; sourceTree = "<group>"; };
		0CB91A2522318092009BDA52 /* mediacodec.h */ = {isa = PBXFileReference; fileEncoding = 4; lastKnownFileType = sourcecode.c.h; path = mediacodec.h; sourceTree = "<group>"; };
		0CB91A2622318092009BDA52 /* d3d11va.h */ = {isa = PBXFileReference; fileEncoding = 4; lastKnownFileType = sourcecode.c.h; path = d3d11va.h; sourceTree = "<group>"; };
		0CB91A2722318092009BDA52 /* avfft.h */ = {isa = PBXFileReference; fileEncoding = 4; lastKnownFileType = sourcecode.c.h; path = avfft.h; sourceTree = "<group>"; };
		0CB91A2822318092009BDA52 /* jni.h */ = {isa = PBXFileReference; fileEncoding = 4; lastKnownFileType = sourcecode.c.h; path = jni.h; sourceTree = "<group>"; };
		0CB91A2922318092009BDA52 /* dirac.h */ = {isa = PBXFileReference; fileEncoding = 4; lastKnownFileType = sourcecode.c.h; path = dirac.h; sourceTree = "<group>"; };
		0CB91A2A22318092009BDA52 /* avdct.h */ = {isa = PBXFileReference; fileEncoding = 4; lastKnownFileType = sourcecode.c.h; path = avdct.h; sourceTree = "<group>"; };
		0CB91A2B22318092009BDA52 /* ac3_parser.h */ = {isa = PBXFileReference; fileEncoding = 4; lastKnownFileType = sourcecode.c.h; path = ac3_parser.h; sourceTree = "<group>"; };
		0CB91A2C22318092009BDA52 /* vorbis_parser.h */ = {isa = PBXFileReference; fileEncoding = 4; lastKnownFileType = sourcecode.c.h; path = vorbis_parser.h; sourceTree = "<group>"; };
		0CB91A2D22318092009BDA52 /* dxva2.h */ = {isa = PBXFileReference; fileEncoding = 4; lastKnownFileType = sourcecode.c.h; path = dxva2.h; sourceTree = "<group>"; };
		0CB91A2E22318092009BDA52 /* dv_profile.h */ = {isa = PBXFileReference; fileEncoding = 4; lastKnownFileType = sourcecode.c.h; path = dv_profile.h; sourceTree = "<group>"; };
		0CB91A3022318092009BDA52 /* version.h */ = {isa = PBXFileReference; fileEncoding = 4; lastKnownFileType = sourcecode.c.h; path = version.h; sourceTree = "<group>"; };
		0CB91A3122318092009BDA52 /* swresample.h */ = {isa = PBXFileReference; fileEncoding = 4; lastKnownFileType = sourcecode.c.h; path = swresample.h; sourceTree = "<group>"; };
		0CB91A3322318096009BDA52 /* libavutil.a */ = {isa = PBXFileReference; lastKnownFileType = archive.ar; path = libavutil.a; sourceTree = "<group>"; };
		0CB91A3422318096009BDA52 /* libavfilter.a */ = {isa = PBXFileReference; lastKnownFileType = archive.ar; path = libavfilter.a; sourceTree = "<group>"; };
		0CB91A3522318096009BDA52 /* libavcodec.a */ = {isa = PBXFileReference; lastKnownFileType = archive.ar; path = libavcodec.a; sourceTree = "<group>"; };
		0CB91A3622318096009BDA52 /* libavformat.a */ = {isa = PBXFileReference; lastKnownFileType = archive.ar; path = libavformat.a; sourceTree = "<group>"; };
		0CB91A3822318096009BDA52 /* libswresample.a */ = {isa = PBXFileReference; lastKnownFileType = archive.ar; path = libswresample.a; sourceTree = "<group>"; };
		0CBDC89F2243BB740026D657 /* libiconv.tbd */ = {isa = PBXFileReference; lastKnownFileType = "sourcecode.text-based-dylib-definition"; name = libiconv.tbd; path = usr/lib/libiconv.tbd; sourceTree = SDKROOT; };
		0CBDC8A12243BB800026D657 /* libz.tbd */ = {isa = PBXFileReference; lastKnownFileType = "sourcecode.text-based-dylib-definition"; name = libz.tbd; path = usr/lib/libz.tbd; sourceTree = SDKROOT; };
		0CBDC8A32243BB880026D657 /* libbz2.tbd */ = {isa = PBXFileReference; lastKnownFileType = "sourcecode.text-based-dylib-definition"; name = libbz2.tbd; path = usr/lib/libbz2.tbd; sourceTree = SDKROOT; };
		0CBDC8A52243BB910026D657 /* CoreVideo.framework */ = {isa = PBXFileReference; lastKnownFileType = wrapper.framework; name = CoreVideo.framework; path = System/Library/Frameworks/CoreVideo.framework; sourceTree = SDKROOT; };
		0CBDC8A72243BB9A0026D657 /* CoreAudio.framework */ = {isa = PBXFileReference; lastKnownFileType = wrapper.framework; name = CoreAudio.framework; path = System/Library/Frameworks/CoreAudio.framework; sourceTree = SDKROOT; };
		0CBDC8AD2243D0530026D657 /* VideoToolbox.framework */ = {isa = PBXFileReference; lastKnownFileType = wrapper.framework; name = VideoToolbox.framework; path = System/Library/Frameworks/VideoToolbox.framework; sourceTree = SDKROOT; };
		0CBDC8AF2243D0B20026D657 /* CoreMedia.framework */ = {isa = PBXFileReference; lastKnownFileType = wrapper.framework; name = CoreMedia.framework; path = System/Library/Frameworks/CoreMedia.framework; sourceTree = SDKROOT; };
		0CBDC99A2244ACA60026D657 /* version.h */ = {isa = PBXFileReference; fileEncoding = 4; lastKnownFileType = sourcecode.c.h; path = version.h; sourceTree = "<group>"; };
		0CBDC99B2244ACA60026D657 /* swscale.h */ = {isa = PBXFileReference; fileEncoding = 4; lastKnownFileType = sourcecode.c.h; path = swscale.h; sourceTree = "<group>"; };
		0CBDC99E2244ACB10026D657 /* libswscale.a */ = {isa = PBXFileReference; lastKnownFileType = archive.ar; path = libswscale.a; sourceTree = "<group>"; };
		0CD211C52265DD8200F51C99 /* SAAudioEqualizer.h */ = {isa = PBXFileReference; fileEncoding = 4; lastKnownFileType = sourcecode.c.h; path = SAAudioEqualizer.h; sourceTree = "<group>"; };
		0CD211C62265DD8200F51C99 /* SAAudioEqualizer.m */ = {isa = PBXFileReference; fileEncoding = 4; lastKnownFileType = sourcecode.c.objc; path = SAAudioEqualizer.m; sourceTree = "<group>"; };
		0CD211C82265DD8200F51C99 /* SAAudioDecoder.m */ = {isa = PBXFileReference; fileEncoding = 4; lastKnownFileType = sourcecode.c.objc; path = SAAudioDecoder.m; sourceTree = "<group>"; };
		0CD211C92265DD8200F51C99 /* SAAudioDecoder.h */ = {isa = PBXFileReference; fileEncoding = 4; lastKnownFileType = sourcecode.c.h; path = SAAudioDecoder.h; sourceTree = "<group>"; };
		0CD211CA2265DD8200F51C99 /* SAAudioSystem.h */ = {isa = PBXFileReference; fileEncoding = 4; lastKnownFileType = sourcecode.c.h; path = SAAudioSystem.h; sourceTree = "<group>"; };
		0CD211CC2265DD8200F51C99 /* SAMetadataCollector.m */ = {isa = PBXFileReference; fileEncoding = 4; lastKnownFileType = sourcecode.c.objc; path = SAMetadataCollector.m; sourceTree = "<group>"; };
		0CD211CD2265DD8200F51C99 /* SAAlbumArtExtractor.h */ = {isa = PBXFileReference; fileEncoding = 4; lastKnownFileType = sourcecode.c.h; path = SAAlbumArtExtractor.h; sourceTree = "<group>"; };
		0CD211CE2265DD8200F51C99 /* SAMetadataCollector.h */ = {isa = PBXFileReference; fileEncoding = 4; lastKnownFileType = sourcecode.c.h; path = SAMetadataCollector.h; sourceTree = "<group>"; };
		0CD211CF2265DD8200F51C99 /* SAAlbumArtExtractor.m */ = {isa = PBXFileReference; fileEncoding = 4; lastKnownFileType = sourcecode.c.objc; path = SAAlbumArtExtractor.m; sourceTree = "<group>"; };
		0CD211D12265DD8200F51C99 /* SAPacketQueue.h */ = {isa = PBXFileReference; fileEncoding = 4; lastKnownFileType = sourcecode.c.h; path = SAPacketQueue.h; sourceTree = "<group>"; };
		0CD211D22265DD8200F51C99 /* SAAudioMetadata.m */ = {isa = PBXFileReference; fileEncoding = 4; lastKnownFileType = sourcecode.c.objc; path = SAAudioMetadata.m; sourceTree = "<group>"; };
		0CD211D32265DD8200F51C99 /* SAPacketQueue.m */ = {isa = PBXFileReference; fileEncoding = 4; lastKnownFileType = sourcecode.c.objc; path = SAPacketQueue.m; sourceTree = "<group>"; };
		0CD211D42265DD8200F51C99 /* SAAudioMetadata.h */ = {isa = PBXFileReference; fileEncoding = 4; lastKnownFileType = sourcecode.c.h; path = SAAudioMetadata.h; sourceTree = "<group>"; };
		0CD211D62265DD8200F51C99 /* SAAudioSystemError.h */ = {isa = PBXFileReference; fileEncoding = 4; lastKnownFileType = sourcecode.c.h; path = SAAudioSystemError.h; sourceTree = "<group>"; };
		0CD211D72265DD8200F51C99 /* Info.plist */ = {isa = PBXFileReference; fileEncoding = 4; lastKnownFileType = text.plist.xml; path = Info.plist; sourceTree = "<group>"; };
		0CD211D92265DD8200F51C99 /* SAAudioPlayer.m */ = {isa = PBXFileReference; fileEncoding = 4; lastKnownFileType = sourcecode.c.objc; path = SAAudioPlayer.m; sourceTree = "<group>"; };
		0CD211DA2265DD8200F51C99 /* SAAudioPlayer.h */ = {isa = PBXFileReference; fileEncoding = 4; lastKnownFileType = sourcecode.c.h; path = SAAudioPlayer.h; sourceTree = "<group>"; };
/* End PBXFileReference section */

/* Begin PBXFrameworksBuildPhase section */
		0CB919AC2231806D009BDA52 /* Frameworks */ = {
			isa = PBXFrameworksBuildPhase;
			buildActionMask = 2147483647;
			files = (
				0CBDC8A82243BB9A0026D657 /* CoreAudio.framework in Frameworks */,
				0CBDC8B02243D0B20026D657 /* CoreMedia.framework in Frameworks */,
				0CBDC8A62243BB910026D657 /* CoreVideo.framework in Frameworks */,
				0CBDC8B52243D31C0026D657 /* VideoToolbox.framework in Frameworks */,
				0CBDC8A42243BB880026D657 /* libbz2.tbd in Frameworks */,
				0CBDC8A22243BB800026D657 /* libz.tbd in Frameworks */,
				0CBDC8A02243BB740026D657 /* libiconv.tbd in Frameworks */,
				0CBDC99F2244ACB10026D657 /* libswscale.a in Frameworks */,
				0CB91AAA22318096009BDA52 /* libavfilter.a in Frameworks */,
				0CB91AA922318096009BDA52 /* libavutil.a in Frameworks */,
				0CB91AAB22318096009BDA52 /* libavcodec.a in Frameworks */,
				0CB91AAE22318096009BDA52 /* libswresample.a in Frameworks */,
				0CB91AAC22318096009BDA52 /* libavformat.a in Frameworks */,
			);
			runOnlyForDeploymentPostprocessing = 0;
		};
/* End PBXFrameworksBuildPhase section */

/* Begin PBXGroup section */
		0CB919A52231806D009BDA52 = {
			isa = PBXGroup;
			children = (
				0CB919BA22318085009BDA52 /* FFmpeg */,
				0CD211C32265DD8200F51C99 /* SAAudioSystem */,
				0CB919B02231806D009BDA52 /* Products */,
				0CBDC89E2243BB730026D657 /* Frameworks */,
			);
			sourceTree = "<group>";
		};
		0CB919B02231806D009BDA52 /* Products */ = {
			isa = PBXGroup;
			children = (
				0CB919AF2231806D009BDA52 /* SAAudioSystem.framework */,
			);
			name = Products;
			sourceTree = "<group>";
		};
		0CB919BA22318085009BDA52 /* FFmpeg */ = {
			isa = PBXGroup;
			children = (
				0CB919BB22318092009BDA52 /* include */,
				0CB91A3222318096009BDA52 /* lib */,
			);
			path = FFmpeg;
			sourceTree = "<group>";
		};
		0CB919BB22318092009BDA52 /* include */ = {
			isa = PBXGroup;
			children = (
				0CBDC9992244ACA60026D657 /* libswscale */,
				0CB919BC22318092009BDA52 /* libavfilter */,
				0CB919C122318092009BDA52 /* libavutil */,
				0CB91A1522318092009BDA52 /* libavformat */,
				0CB91A1C22318092009BDA52 /* libavcodec */,
				0CB91A2F22318092009BDA52 /* libswresample */,
			);
			path = include;
			sourceTree = "<group>";
		};
		0CB919BC22318092009BDA52 /* libavfilter */ = {
			isa = PBXGroup;
			children = (
				0CB919BD22318092009BDA52 /* version.h */,
				0CB919BE22318092009BDA52 /* buffersrc.h */,
				0CB919BF22318092009BDA52 /* buffersink.h */,
				0CB919C022318092009BDA52 /* avfilter.h */,
			);
			path = libavfilter;
			sourceTree = "<group>";
		};
		0CB919C122318092009BDA52 /* libavutil */ = {
			isa = PBXGroup;
			children = (
				0CB919C222318092009BDA52 /* hwcontext.h */,
				0CB919C322318092009BDA52 /* time.h */,
				0CB919C422318092009BDA52 /* hwcontext_cuda.h */,
				0CB919C522318092009BDA52 /* intfloat.h */,
				0CB919C622318092009BDA52 /* error.h */,
				0CB919C722318092009BDA52 /* fifo.h */,
				0CB919C822318092009BDA52 /* blowfish.h */,
				0CB919C922318092009BDA52 /* hwcontext_mediacodec.h */,
				0CB919CA22318092009BDA52 /* replaygain.h */,
				0CB919CB22318092009BDA52 /* version.h */,
				0CB919CC22318092009BDA52 /* murmur3.h */,
				0CB919CD22318092009BDA52 /* stereo3d.h */,
				0CB919CE22318092009BDA52 /* samplefmt.h */,
				0CB919CF22318092009BDA52 /* pixdesc.h */,
				0CB919D022318092009BDA52 /* base64.h */,
				0CB919D122318092009BDA52 /* rational.h */,
				0CB919D222318092009BDA52 /* sha.h */,
				0CB919D322318092009BDA52 /* motion_vector.h */,
				0CB919D422318092009BDA52 /* avconfig.h */,
				0CB919D522318092009BDA52 /* lfg.h */,
				0CB919D622318092009BDA52 /* avutil.h */,
				0CB919D722318092009BDA52 /* xtea.h */,
				0CB919D822318092009BDA52 /* crc.h */,
				0CB919D922318092009BDA52 /* hwcontext_vdpau.h */,
				0CB919DA22318092009BDA52 /* frame.h */,
				0CB919DB22318092009BDA52 /* file.h */,
				0CB919DC22318092009BDA52 /* md5.h */,
				0CB919DD22318092009BDA52 /* cast5.h */,
				0CB919DE22318092009BDA52 /* hwcontext_vaapi.h */,
				0CB919DF22318092009BDA52 /* spherical.h */,
				0CB919E022318092009BDA52 /* ffversion.h */,
				0CB919E122318092009BDA52 /* audio_fifo.h */,
				0CB919E222318092009BDA52 /* tree.h */,
				0CB919E322318092009BDA52 /* threadmessage.h */,
				0CB919E422318092009BDA52 /* attributes.h */,
				0CB919E522318092009BDA52 /* adler32.h */,
				0CB919E622318092009BDA52 /* hwcontext_d3d11va.h */,
				0CB919E722318092009BDA52 /* timecode.h */,
				0CB919E822318092009BDA52 /* sha512.h */,
				0CB919E922318092009BDA52 /* hwcontext_dxva2.h */,
				0CB919EA22318092009BDA52 /* display.h */,
				0CB919EB22318092009BDA52 /* buffer.h */,
				0CB919EC22318092009BDA52 /* camellia.h */,
				0CB919ED22318092009BDA52 /* pixelutils.h */,
				0CB919EE22318092009BDA52 /* hwcontext_drm.h */,
				0CB919EF22318092009BDA52 /* common.h */,
				0CB919F022318092009BDA52 /* hmac.h */,
				0CB919F122318092009BDA52 /* eval.h */,
				0CB919F222318092009BDA52 /* dict.h */,
				0CB919F322318092009BDA52 /* random_seed.h */,
				0CB919F422318092009BDA52 /* opt.h */,
				0CB919F522318092009BDA52 /* mastering_display_metadata.h */,
				0CB919F622318092009BDA52 /* log.h */,
				0CB919F722318092009BDA52 /* aes.h */,
				0CB919F822318092009BDA52 /* macros.h */,
				0CB919F922318092009BDA52 /* bswap.h */,
				0CB919FA22318092009BDA52 /* rc4.h */,
				0CB919FB22318092009BDA52 /* tea.h */,
				0CB919FC22318092009BDA52 /* cpu.h */,
				0CB919FD22318092009BDA52 /* lzo.h */,
				0CB919FE22318092009BDA52 /* des.h */,
				0CB919FF22318092009BDA52 /* channel_layout.h */,
				0CB91A0022318092009BDA52 /* encryption_info.h */,
				0CB91A0122318092009BDA52 /* twofish.h */,
				0CB91A0222318092009BDA52 /* imgutils.h */,
				0CB91A0322318092009BDA52 /* hwcontext_videotoolbox.h */,
				0CB91A0422318092009BDA52 /* mem.h */,
				0CB91A0522318092009BDA52 /* parseutils.h */,
				0CB91A0622318092009BDA52 /* ripemd.h */,
				0CB91A0722318092009BDA52 /* bprint.h */,
				0CB91A0822318092009BDA52 /* hwcontext_qsv.h */,
				0CB91A0922318092009BDA52 /* pixfmt.h */,
				0CB91A0A22318092009BDA52 /* aes_ctr.h */,
				0CB91A0B22318092009BDA52 /* timestamp.h */,
				0CB91A0C22318092009BDA52 /* downmix_info.h */,
				0CB91A0D22318092009BDA52 /* avassert.h */,
				0CB91A0E22318092009BDA52 /* hash.h */,
				0CB91A0F22318092009BDA52 /* mathematics.h */,
				0CB91A1022318092009BDA52 /* intreadwrite.h */,
				0CB91A1122318092009BDA52 /* avstring.h */,
			);
			path = libavutil;
			sourceTree = "<group>";
		};
		0CB91A1522318092009BDA52 /* libavformat */ = {
			isa = PBXGroup;
			children = (
				0CB91A1622318092009BDA52 /* version.h */,
				0CB91A1722318092009BDA52 /* avio.h */,
				0CB91A1822318092009BDA52 /* avformat.h */,
			);
			path = libavformat;
			sourceTree = "<group>";
		};
		0CB91A1C22318092009BDA52 /* libavcodec */ = {
			isa = PBXGroup;
			children = (
				0CB91A1D22318092009BDA52 /* adts_parser.h */,
				0CB91A1E22318092009BDA52 /* avcodec.h */,
				0CB91A1F22318092009BDA52 /* version.h */,
				0CB91A2022318092009BDA52 /* vdpau.h */,
				0CB91A2122318092009BDA52 /* qsv.h */,
				0CB91A2222318092009BDA52 /* vaapi.h */,
				0CB91A2322318092009BDA52 /* videotoolbox.h */,
				0CB91A2422318092009BDA52 /* xvmc.h */,
				0CB91A2522318092009BDA52 /* mediacodec.h */,
				0CB91A2622318092009BDA52 /* d3d11va.h */,
				0CB91A2722318092009BDA52 /* avfft.h */,
				0CB91A2822318092009BDA52 /* jni.h */,
				0CB91A2922318092009BDA52 /* dirac.h */,
				0CB91A2A22318092009BDA52 /* avdct.h */,
				0CB91A2B22318092009BDA52 /* ac3_parser.h */,
				0CB91A2C22318092009BDA52 /* vorbis_parser.h */,
				0CB91A2D22318092009BDA52 /* dxva2.h */,
				0CB91A2E22318092009BDA52 /* dv_profile.h */,
			);
			path = libavcodec;
			sourceTree = "<group>";
		};
		0CB91A2F22318092009BDA52 /* libswresample */ = {
			isa = PBXGroup;
			children = (
				0CB91A3022318092009BDA52 /* version.h */,
				0CB91A3122318092009BDA52 /* swresample.h */,
			);
			path = libswresample;
			sourceTree = "<group>";
		};
		0CB91A3222318096009BDA52 /* lib */ = {
			isa = PBXGroup;
			children = (
				0CBDC99E2244ACB10026D657 /* libswscale.a */,
				0CB91A3322318096009BDA52 /* libavutil.a */,
				0CB91A3422318096009BDA52 /* libavfilter.a */,
				0CB91A3522318096009BDA52 /* libavcodec.a */,
				0CB91A3622318096009BDA52 /* libavformat.a */,
				0CB91A3822318096009BDA52 /* libswresample.a */,
			);
			path = lib;
			sourceTree = "<group>";
		};
		0CBDC89E2243BB730026D657 /* Frameworks */ = {
			isa = PBXGroup;
			children = (
				0CBDC8AD2243D0530026D657 /* VideoToolbox.framework */,
				0CBDC8AF2243D0B20026D657 /* CoreMedia.framework */,
				0CBDC8A72243BB9A0026D657 /* CoreAudio.framework */,
				0CBDC8A52243BB910026D657 /* CoreVideo.framework */,
				0CBDC8A32243BB880026D657 /* libbz2.tbd */,
				0CBDC8A12243BB800026D657 /* libz.tbd */,
				0CBDC89F2243BB740026D657 /* libiconv.tbd */,
			);
			name = Frameworks;
			sourceTree = "<group>";
		};
		0CBDC9992244ACA60026D657 /* libswscale */ = {
			isa = PBXGroup;
			children = (
				0CBDC99A2244ACA60026D657 /* version.h */,
				0CBDC99B2244ACA60026D657 /* swscale.h */,
			);
			path = libswscale;
			sourceTree = "<group>";
		};
		0CD211C32265DD8200F51C99 /* SAAudioSystem */ = {
			isa = PBXGroup;
			children = (
				0CD211C42265DD8200F51C99 /* Equalizer */,
				0CD211C72265DD8200F51C99 /* Decoder */,
				0CD211CA2265DD8200F51C99 /* SAAudioSystem.h */,
				0CD211CB2265DD8200F51C99 /* Utils */,
				0CD211D02265DD8200F51C99 /* Models */,
				0CD211D52265DD8200F51C99 /* Error */,
				0CD211D72265DD8200F51C99 /* Info.plist */,
				0CD211D82265DD8200F51C99 /* Player */,
			);
			path = SAAudioSystem;
			sourceTree = "<group>";
		};
		0CD211C42265DD8200F51C99 /* Equalizer */ = {
			isa = PBXGroup;
			children = (
				0CD211C52265DD8200F51C99 /* SAAudioEqualizer.h */,
				0CD211C62265DD8200F51C99 /* SAAudioEqualizer.m */,
			);
			path = Equalizer;
			sourceTree = "<group>";
		};
		0CD211C72265DD8200F51C99 /* Decoder */ = {
			isa = PBXGroup;
			children = (
				0CD211C82265DD8200F51C99 /* SAAudioDecoder.m */,
				0CD211C92265DD8200F51C99 /* SAAudioDecoder.h */,
			);
			path = Decoder;
			sourceTree = "<group>";
		};
		0CD211CB2265DD8200F51C99 /* Utils */ = {
			isa = PBXGroup;
			children = (
				0CD211CC2265DD8200F51C99 /* SAMetadataCollector.m */,
				0CD211CD2265DD8200F51C99 /* SAAlbumArtExtractor.h */,
				0CD211CE2265DD8200F51C99 /* SAMetadataCollector.h */,
				0CD211CF2265DD8200F51C99 /* SAAlbumArtExtractor.m */,
			);
			path = Utils;
			sourceTree = "<group>";
		};
		0CD211D02265DD8200F51C99 /* Models */ = {
			isa = PBXGroup;
			children = (
				0CD211D12265DD8200F51C99 /* SAPacketQueue.h */,
				0CD211D22265DD8200F51C99 /* SAAudioMetadata.m */,
				0CD211D32265DD8200F51C99 /* SAPacketQueue.m */,
				0CD211D42265DD8200F51C99 /* SAAudioMetadata.h */,
			);
			path = Models;
			sourceTree = "<group>";
		};
		0CD211D52265DD8200F51C99 /* Error */ = {
			isa = PBXGroup;
			children = (
				0CD211D62265DD8200F51C99 /* SAAudioSystemError.h */,
			);
			path = Error;
			sourceTree = "<group>";
		};
		0CD211D82265DD8200F51C99 /* Player */ = {
			isa = PBXGroup;
			children = (
				0CD211D92265DD8200F51C99 /* SAAudioPlayer.m */,
				0CD211DA2265DD8200F51C99 /* SAAudioPlayer.h */,
			);
			path = Player;
			sourceTree = "<group>";
		};
/* End PBXGroup section */

/* Begin PBXHeadersBuildPhase section */
		0CB919AA2231806D009BDA52 /* Headers */ = {
			isa = PBXHeadersBuildPhase;
			buildActionMask = 2147483647;
			files = (
				0CD211DF2265DD8200F51C99 /* SAAudioSystem.h in Headers */,
				0CD211EB2265DD8200F51C99 /* SAAudioPlayer.h in Headers */,
				0CD211E72265DD8200F51C99 /* SAAudioMetadata.h in Headers */,
				0CB91A5622318096009BDA52 /* frame.h in Headers */,
				0CB91A5822318096009BDA52 /* md5.h in Headers */,
				0CB91A8622318096009BDA52 /* aes_ctr.h in Headers */,
				0CB91A6422318096009BDA52 /* sha512.h in Headers */,
				0CB91A9A22318096009BDA52 /* vaapi.h in Headers */,
				0CB91A7822318096009BDA52 /* cpu.h in Headers */,
				0CB91A8D22318096009BDA52 /* avstring.h in Headers */,
				0CB91A7322318096009BDA52 /* aes.h in Headers */,
				0CB91A6A22318096009BDA52 /* hwcontext_drm.h in Headers */,
				0CB91A9622318096009BDA52 /* avcodec.h in Headers */,
				0CB91A4122318096009BDA52 /* intfloat.h in Headers */,
				0CB91A6322318096009BDA52 /* timecode.h in Headers */,
				0CB91A9D22318096009BDA52 /* mediacodec.h in Headers */,
				0CB91A7022318096009BDA52 /* opt.h in Headers */,
				0CB91A5F22318096009BDA52 /* threadmessage.h in Headers */,
				0CB91A5C22318096009BDA52 /* ffversion.h in Headers */,
				0CB91A3B22318096009BDA52 /* buffersrc.h in Headers */,
				0CBDC99D2244ACA60026D657 /* swscale.h in Headers */,
				0CB91A7422318096009BDA52 /* macros.h in Headers */,
				0CB91A6922318096009BDA52 /* pixelutils.h in Headers */,
				0CB91A6822318096009BDA52 /* camellia.h in Headers */,
				0CB91A3D22318096009BDA52 /* avfilter.h in Headers */,
				0CB91A7E22318096009BDA52 /* imgutils.h in Headers */,
				0CB91A7F22318096009BDA52 /* hwcontext_videotoolbox.h in Headers */,
				0CB91A3C22318096009BDA52 /* buffersink.h in Headers */,
				0CB91A6C22318096009BDA52 /* hmac.h in Headers */,
				0CD211DB2265DD8200F51C99 /* SAAudioEqualizer.h in Headers */,
				0CB91A5D22318096009BDA52 /* audio_fifo.h in Headers */,
				0CB91A6022318096009BDA52 /* attributes.h in Headers */,
				0CB91A4622318096009BDA52 /* replaygain.h in Headers */,
				0CB91A3F22318096009BDA52 /* time.h in Headers */,
				0CB91AA522318096009BDA52 /* dxva2.h in Headers */,
				0CD211DE2265DD8200F51C99 /* SAAudioDecoder.h in Headers */,
				0CB91A9C22318096009BDA52 /* xvmc.h in Headers */,
				0CB91A4F22318096009BDA52 /* motion_vector.h in Headers */,
				0CB91A9522318096009BDA52 /* adts_parser.h in Headers */,
				0CB91A8522318096009BDA52 /* pixfmt.h in Headers */,
				0CB91A6622318096009BDA52 /* display.h in Headers */,
				0CB91A6722318096009BDA52 /* buffer.h in Headers */,
				0CB91A7B22318096009BDA52 /* channel_layout.h in Headers */,
				0CB91A9722318096009BDA52 /* version.h in Headers */,
				0CB91A6F22318096009BDA52 /* random_seed.h in Headers */,
				0CB91A4D22318096009BDA52 /* rational.h in Headers */,
				0CB91A7522318096009BDA52 /* bswap.h in Headers */,
				0CB91A7622318096009BDA52 /* rc4.h in Headers */,
				0CB91A7222318096009BDA52 /* log.h in Headers */,
				0CB91AA722318096009BDA52 /* version.h in Headers */,
				0CB91A3A22318096009BDA52 /* version.h in Headers */,
				0CB91A7122318096009BDA52 /* mastering_display_metadata.h in Headers */,
				0CB91A7A22318096009BDA52 /* des.h in Headers */,
				0CD211E22265DD8200F51C99 /* SAMetadataCollector.h in Headers */,
				0CB91AA122318096009BDA52 /* dirac.h in Headers */,
				0CB91A5922318096009BDA52 /* cast5.h in Headers */,
				0CB91AA422318096009BDA52 /* vorbis_parser.h in Headers */,
				0CB91AA822318096009BDA52 /* swresample.h in Headers */,
				0CB91A5322318096009BDA52 /* xtea.h in Headers */,
				0CB91A4522318096009BDA52 /* hwcontext_mediacodec.h in Headers */,
				0CB91A9F22318096009BDA52 /* avfft.h in Headers */,
				0CB91AA022318096009BDA52 /* jni.h in Headers */,
				0CB91A5122318096009BDA52 /* lfg.h in Headers */,
				0CB91A7922318096009BDA52 /* lzo.h in Headers */,
				0CB91A8022318096009BDA52 /* mem.h in Headers */,
				0CB91A5E22318096009BDA52 /* tree.h in Headers */,
				0CB91A4022318096009BDA52 /* hwcontext_cuda.h in Headers */,
				0CB91A6122318096009BDA52 /* adler32.h in Headers */,
				0CB91A7722318096009BDA52 /* tea.h in Headers */,
				0CB91A4E22318096009BDA52 /* sha.h in Headers */,
				0CB91A8322318096009BDA52 /* bprint.h in Headers */,
				0CB91A8922318096009BDA52 /* avassert.h in Headers */,
				0CB91A5022318096009BDA52 /* avconfig.h in Headers */,
				0CB91A8422318096009BDA52 /* hwcontext_qsv.h in Headers */,
				0CB91A8822318096009BDA52 /* downmix_info.h in Headers */,
				0CB91A5B22318096009BDA52 /* spherical.h in Headers */,
				0CB91A6522318096009BDA52 /* hwcontext_dxva2.h in Headers */,
				0CB91A8222318096009BDA52 /* ripemd.h in Headers */,
				0CB91A6D22318096009BDA52 /* eval.h in Headers */,
				0CB91A9022318096009BDA52 /* version.h in Headers */,
				0CB91A8B22318096009BDA52 /* mathematics.h in Headers */,
				0CB91A8722318096009BDA52 /* timestamp.h in Headers */,
				0CB91A5A22318096009BDA52 /* hwcontext_vaapi.h in Headers */,
				0CB91A4822318096009BDA52 /* murmur3.h in Headers */,
				0CD211E42265DD8200F51C99 /* SAPacketQueue.h in Headers */,
				0CB91A8122318096009BDA52 /* parseutils.h in Headers */,
				0CB91A5722318096009BDA52 /* file.h in Headers */,
				0CB91A6B22318096009BDA52 /* common.h in Headers */,
				0CB91A6E22318096009BDA52 /* dict.h in Headers */,
				0CD211E12265DD8200F51C99 /* SAAlbumArtExtractor.h in Headers */,
				0CB91AA622318096009BDA52 /* dv_profile.h in Headers */,
				0CD211E82265DD8200F51C99 /* SAAudioSystemError.h in Headers */,
				0CB91A5522318096009BDA52 /* hwcontext_vdpau.h in Headers */,
				0CB91A9122318096009BDA52 /* avio.h in Headers */,
				0CB91A9E22318096009BDA52 /* d3d11va.h in Headers */,
				0CB91A6222318096009BDA52 /* hwcontext_d3d11va.h in Headers */,
				0CB91A4722318096009BDA52 /* version.h in Headers */,
				0CB91A4322318096009BDA52 /* fifo.h in Headers */,
				0CB91A9222318096009BDA52 /* avformat.h in Headers */,
				0CB91A5422318096009BDA52 /* crc.h in Headers */,
				0CB91A4B22318096009BDA52 /* pixdesc.h in Headers */,
				0CB91A4922318096009BDA52 /* stereo3d.h in Headers */,
				0CB91A8C22318096009BDA52 /* intreadwrite.h in Headers */,
				0CB91AA222318096009BDA52 /* avdct.h in Headers */,
				0CB91A4C22318096009BDA52 /* base64.h in Headers */,
				0CB91A7D22318096009BDA52 /* twofish.h in Headers */,
				0CB91A5222318096009BDA52 /* avutil.h in Headers */,
				0CB91A4A22318096009BDA52 /* samplefmt.h in Headers */,
				0CB91AA322318096009BDA52 /* ac3_parser.h in Headers */,
				0CB91A3E22318096009BDA52 /* hwcontext.h in Headers */,
				0CB91A9B22318096009BDA52 /* videotoolbox.h in Headers */,
				0CBDC99C2244ACA60026D657 /* version.h in Headers */,
				0CB91A8A22318096009BDA52 /* hash.h in Headers */,
				0CB91A9922318096009BDA52 /* qsv.h in Headers */,
				0CB91A7C22318096009BDA52 /* encryption_info.h in Headers */,
				0CB91A9822318096009BDA52 /* vdpau.h in Headers */,
				0CB91A4422318096009BDA52 /* blowfish.h in Headers */,
				0CB91A4222318096009BDA52 /* error.h in Headers */,
			);
			runOnlyForDeploymentPostprocessing = 0;
		};
/* End PBXHeadersBuildPhase section */

/* Begin PBXNativeTarget section */
		0CB919AE2231806D009BDA52 /* SAAudioSystem */ = {
			isa = PBXNativeTarget;
			buildConfigurationList = 0CB919B72231806D009BDA52 /* Build configuration list for PBXNativeTarget "SAAudioSystem" */;
			buildPhases = (
				0CB919AA2231806D009BDA52 /* Headers */,
				0CB919AB2231806D009BDA52 /* Sources */,
				0CB919AC2231806D009BDA52 /* Frameworks */,
				0CB919AD2231806D009BDA52 /* Resources */,
			);
			buildRules = (
			);
			dependencies = (
			);
			name = SAAudioSystem;
			productName = SAAudioPlayer;
			productReference = 0CB919AF2231806D009BDA52 /* SAAudioSystem.framework */;
			productType = "com.apple.product-type.framework";
		};
/* End PBXNativeTarget section */

/* Begin PBXProject section */
		0CB919A62231806D009BDA52 /* Project object */ = {
			isa = PBXProject;
			attributes = {
				LastUpgradeCheck = 1010;
				ORGANIZATIONNAME = "Sidekick-Academy";
				TargetAttributes = {
					0CB919AE2231806D009BDA52 = {
						CreatedOnToolsVersion = 10.1;
					};
				};
			};
			buildConfigurationList = 0CB919A92231806D009BDA52 /* Build configuration list for PBXProject "SAAudioSystem" */;
			compatibilityVersion = "Xcode 9.3";
			developmentRegion = en;
			hasScannedForEncodings = 0;
			knownRegions = (
				en,
			);
			mainGroup = 0CB919A52231806D009BDA52;
			productRefGroup = 0CB919B02231806D009BDA52 /* Products */;
			projectDirPath = "";
			projectRoot = "";
			targets = (
				0CB919AE2231806D009BDA52 /* SAAudioSystem */,
			);
		};
/* End PBXProject section */

/* Begin PBXResourcesBuildPhase section */
		0CB919AD2231806D009BDA52 /* Resources */ = {
			isa = PBXResourcesBuildPhase;
			buildActionMask = 2147483647;
			files = (
			);
			runOnlyForDeploymentPostprocessing = 0;
		};
/* End PBXResourcesBuildPhase section */

/* Begin PBXSourcesBuildPhase section */
		0CB919AB2231806D009BDA52 /* Sources */ = {
			isa = PBXSourcesBuildPhase;
			buildActionMask = 2147483647;
			files = (
				0CD211E32265DD8200F51C99 /* SAAlbumArtExtractor.m in Sources */,
				0CD211E02265DD8200F51C99 /* SAMetadataCollector.m in Sources */,
				0CD211DC2265DD8200F51C99 /* SAAudioEqualizer.m in Sources */,
				0CD211EA2265DD8200F51C99 /* SAAudioPlayer.m in Sources */,
				0CD211E52265DD8200F51C99 /* SAAudioMetadata.m in Sources */,
				0CD211DD2265DD8200F51C99 /* SAAudioDecoder.m in Sources */,
				0CD211E62265DD8200F51C99 /* SAPacketQueue.m in Sources */,
			);
			runOnlyForDeploymentPostprocessing = 0;
		};
/* End PBXSourcesBuildPhase section */

/* Begin XCBuildConfiguration section */
		0CB919B52231806D009BDA52 /* Debug */ = {
			isa = XCBuildConfiguration;
			buildSettings = {
				ALWAYS_SEARCH_USER_PATHS = NO;
				CLANG_ANALYZER_NONNULL = YES;
				CLANG_ANALYZER_NUMBER_OBJECT_CONVERSION = YES_AGGRESSIVE;
				CLANG_CXX_LANGUAGE_STANDARD = "gnu++14";
				CLANG_CXX_LIBRARY = "libc++";
				CLANG_ENABLE_MODULES = YES;
				CLANG_ENABLE_OBJC_ARC = YES;
				CLANG_ENABLE_OBJC_WEAK = YES;
				CLANG_WARN_BLOCK_CAPTURE_AUTORELEASING = YES;
				CLANG_WARN_BOOL_CONVERSION = YES;
				CLANG_WARN_COMMA = YES;
				CLANG_WARN_CONSTANT_CONVERSION = YES;
				CLANG_WARN_DEPRECATED_OBJC_IMPLEMENTATIONS = YES;
				CLANG_WARN_DIRECT_OBJC_ISA_USAGE = YES_ERROR;
				CLANG_WARN_DOCUMENTATION_COMMENTS = YES;
				CLANG_WARN_EMPTY_BODY = YES;
				CLANG_WARN_ENUM_CONVERSION = YES;
				CLANG_WARN_INFINITE_RECURSION = YES;
				CLANG_WARN_INT_CONVERSION = YES;
				CLANG_WARN_NON_LITERAL_NULL_CONVERSION = YES;
				CLANG_WARN_OBJC_IMPLICIT_RETAIN_SELF = YES;
				CLANG_WARN_OBJC_LITERAL_CONVERSION = YES;
				CLANG_WARN_OBJC_ROOT_CLASS = YES_ERROR;
				CLANG_WARN_RANGE_LOOP_ANALYSIS = YES;
				CLANG_WARN_STRICT_PROTOTYPES = YES;
				CLANG_WARN_SUSPICIOUS_MOVE = YES;
				CLANG_WARN_UNGUARDED_AVAILABILITY = YES_AGGRESSIVE;
				CLANG_WARN_UNREACHABLE_CODE = YES;
				CLANG_WARN__DUPLICATE_METHOD_MATCH = YES;
				CODE_SIGN_IDENTITY = "iPhone Developer";
				COPY_PHASE_STRIP = NO;
				CURRENT_PROJECT_VERSION = 1;
				DEBUG_INFORMATION_FORMAT = dwarf;
				ENABLE_STRICT_OBJC_MSGSEND = YES;
				ENABLE_TESTABILITY = YES;
				GCC_C_LANGUAGE_STANDARD = gnu11;
				GCC_DYNAMIC_NO_PIC = NO;
				GCC_NO_COMMON_BLOCKS = YES;
				GCC_OPTIMIZATION_LEVEL = 0;
				GCC_PREPROCESSOR_DEFINITIONS = (
					"DEBUG=1",
					"$(inherited)",
				);
				GCC_WARN_64_TO_32_BIT_CONVERSION = YES;
				GCC_WARN_ABOUT_RETURN_TYPE = YES_ERROR;
				GCC_WARN_UNDECLARED_SELECTOR = YES;
				GCC_WARN_UNINITIALIZED_AUTOS = YES_AGGRESSIVE;
				GCC_WARN_UNUSED_FUNCTION = YES;
				GCC_WARN_UNUSED_VARIABLE = YES;
				IPHONEOS_DEPLOYMENT_TARGET = 12.1;
				MTL_ENABLE_DEBUG_INFO = INCLUDE_SOURCE;
				MTL_FAST_MATH = YES;
				ONLY_ACTIVE_ARCH = YES;
				SDKROOT = iphoneos;
				VERSIONING_SYSTEM = "apple-generic";
				VERSION_INFO_PREFIX = "";
			};
			name = Debug;
		};
		0CB919B62231806D009BDA52 /* Release */ = {
			isa = XCBuildConfiguration;
			buildSettings = {
				ALWAYS_SEARCH_USER_PATHS = NO;
				CLANG_ANALYZER_NONNULL = YES;
				CLANG_ANALYZER_NUMBER_OBJECT_CONVERSION = YES_AGGRESSIVE;
				CLANG_CXX_LANGUAGE_STANDARD = "gnu++14";
				CLANG_CXX_LIBRARY = "libc++";
				CLANG_ENABLE_MODULES = YES;
				CLANG_ENABLE_OBJC_ARC = YES;
				CLANG_ENABLE_OBJC_WEAK = YES;
				CLANG_WARN_BLOCK_CAPTURE_AUTORELEASING = YES;
				CLANG_WARN_BOOL_CONVERSION = YES;
				CLANG_WARN_COMMA = YES;
				CLANG_WARN_CONSTANT_CONVERSION = YES;
				CLANG_WARN_DEPRECATED_OBJC_IMPLEMENTATIONS = YES;
				CLANG_WARN_DIRECT_OBJC_ISA_USAGE = YES_ERROR;
				CLANG_WARN_DOCUMENTATION_COMMENTS = YES;
				CLANG_WARN_EMPTY_BODY = YES;
				CLANG_WARN_ENUM_CONVERSION = YES;
				CLANG_WARN_INFINITE_RECURSION = YES;
				CLANG_WARN_INT_CONVERSION = YES;
				CLANG_WARN_NON_LITERAL_NULL_CONVERSION = YES;
				CLANG_WARN_OBJC_IMPLICIT_RETAIN_SELF = YES;
				CLANG_WARN_OBJC_LITERAL_CONVERSION = YES;
				CLANG_WARN_OBJC_ROOT_CLASS = YES_ERROR;
				CLANG_WARN_RANGE_LOOP_ANALYSIS = YES;
				CLANG_WARN_STRICT_PROTOTYPES = YES;
				CLANG_WARN_SUSPICIOUS_MOVE = YES;
				CLANG_WARN_UNGUARDED_AVAILABILITY = YES_AGGRESSIVE;
				CLANG_WARN_UNREACHABLE_CODE = YES;
				CLANG_WARN__DUPLICATE_METHOD_MATCH = YES;
				CODE_SIGN_IDENTITY = "iPhone Developer";
				COPY_PHASE_STRIP = NO;
				CURRENT_PROJECT_VERSION = 1;
				DEBUG_INFORMATION_FORMAT = "dwarf-with-dsym";
				ENABLE_NS_ASSERTIONS = NO;
				ENABLE_STRICT_OBJC_MSGSEND = YES;
				GCC_C_LANGUAGE_STANDARD = gnu11;
				GCC_NO_COMMON_BLOCKS = YES;
				GCC_WARN_64_TO_32_BIT_CONVERSION = YES;
				GCC_WARN_ABOUT_RETURN_TYPE = YES_ERROR;
				GCC_WARN_UNDECLARED_SELECTOR = YES;
				GCC_WARN_UNINITIALIZED_AUTOS = YES_AGGRESSIVE;
				GCC_WARN_UNUSED_FUNCTION = YES;
				GCC_WARN_UNUSED_VARIABLE = YES;
				IPHONEOS_DEPLOYMENT_TARGET = 12.1;
				MTL_ENABLE_DEBUG_INFO = NO;
				MTL_FAST_MATH = YES;
				SDKROOT = iphoneos;
				VALIDATE_PRODUCT = YES;
				VERSIONING_SYSTEM = "apple-generic";
				VERSION_INFO_PREFIX = "";
			};
			name = Release;
		};
		0CB919B82231806D009BDA52 /* Debug */ = {
			isa = XCBuildConfiguration;
			buildSettings = {
				ARCHS = "$(ARCHS_STANDARD)";
				CLANG_CXX_LIBRARY = "libc++";
				CODE_SIGN_IDENTITY = "iPhone Developer";
				CODE_SIGN_STYLE = Automatic;
				DEFINES_MODULE = YES;
				DEVELOPMENT_TEAM = 82P75Q2F2K;
				DYLIB_COMPATIBILITY_VERSION = 1;
				DYLIB_CURRENT_VERSION = 1;
				DYLIB_INSTALL_NAME_BASE = "@rpath";
				HEADER_SEARCH_PATHS = "$(PROJECT_DIR)/FFmpeg/include";
				INFOPLIST_FILE = "$(SRCROOT)/SAAudioSystem/Info.plist";
				INSTALL_PATH = "$(LOCAL_LIBRARY_DIR)/Frameworks";
				LD_RUNPATH_SEARCH_PATHS = (
					"$(inherited)",
					"@executable_path/Frameworks",
					"@loader_path/Frameworks",
				);
				LIBRARY_SEARCH_PATHS = (
					"$(inherited)",
					"$(PROJECT_DIR)/FFmpeg/lib",
				);
				OTHER_LDFLAGS = "";
				PRODUCT_BUNDLE_IDENTIFIER = com.sidekick.academy.SAAudioSystem;
				PRODUCT_NAME = "$(TARGET_NAME:c99extidentifier)";
				SKIP_INSTALL = YES;
				TARGETED_DEVICE_FAMILY = "1,2";
				VALID_ARCHS = "arm64 arm64e armv7 armv7s";
			};
			name = Debug;
		};
		0CB919B92231806D009BDA52 /* Release */ = {
			isa = XCBuildConfiguration;
			buildSettings = {
				ARCHS = "$(ARCHS_STANDARD)";
				CLANG_CXX_LIBRARY = "libc++";
				CODE_SIGN_IDENTITY = "";
				CODE_SIGN_STYLE = Automatic;
				DEFINES_MODULE = YES;
				DEVELOPMENT_TEAM = 82P75Q2F2K;
				DYLIB_COMPATIBILITY_VERSION = 1;
				DYLIB_CURRENT_VERSION = 1;
				DYLIB_INSTALL_NAME_BASE = "@rpath";
				HEADER_SEARCH_PATHS = "$(PROJECT_DIR)/FFmpeg/include";
				INFOPLIST_FILE = "$(SRCROOT)/SAAudioSystem/Info.plist";
				INSTALL_PATH = "$(LOCAL_LIBRARY_DIR)/Frameworks";
				LD_RUNPATH_SEARCH_PATHS = (
					"$(inherited)",
					"@executable_path/Frameworks",
					"@loader_path/Frameworks",
				);
				LIBRARY_SEARCH_PATHS = (
					"$(inherited)",
					"$(PROJECT_DIR)/FFmpeg/lib",
				);
				PRODUCT_BUNDLE_IDENTIFIER = com.sidekick.academy.SAAudioSystem;
				PRODUCT_NAME = "$(TARGET_NAME:c99extidentifier)";
				SKIP_INSTALL = YES;
				TARGETED_DEVICE_FAMILY = "1,2";
				VALID_ARCHS = "arm64 arm64e armv7 armv7s";
			};
			name = Release;
		};
/* End XCBuildConfiguration section */

/* Begin XCConfigurationList section */
		0CB919A92231806D009BDA52 /* Build configuration list for PBXProject "SAAudioSystem" */ = {
			isa = XCConfigurationList;
			buildConfigurations = (
				0CB919B52231806D009BDA52 /* Debug */,
				0CB919B62231806D009BDA52 /* Release */,
			);
			defaultConfigurationIsVisible = 0;
			defaultConfigurationName = Release;
		};
		0CB919B72231806D009BDA52 /* Build configuration list for PBXNativeTarget "SAAudioSystem" */ = {
			isa = XCConfigurationList;
			buildConfigurations = (
				0CB919B82231806D009BDA52 /* Debug */,
				0CB919B92231806D009BDA52 /* Release */,
			);
			defaultConfigurationIsVisible = 0;
			defaultConfigurationName = Release;
		};
/* End XCConfigurationList section */
	};
	rootObject = 0CB919A62231806D009BDA52 /* Project object */;
}
